
Microsoft Visual Studio Solution File, Format Version 12.00
# Visual Studio Version 16
VisualStudioVersion = 16.0.32106.194
MinimumVisualStudioVersion = 10.0.40219.1
Project("{2150E333-8FDC-42A3-9474-1A3956D46DE8}") = "UnitTesting", "UnitTesting", "{C9362FE3-6E51-4AA5-BAFA-D16171B8DF8F}"
EndProject
Project("{2150E333-8FDC-42A3-9474-1A3956D46DE8}") = "TestMethods", "TestMethods", "{3C615A6E-D106-41FD-B5E6-89030A96AB82}"
EndProject
Project("{9A19103F-16F7-4668-BE54-9A1E7A4F7556}") = "PllVidWalkTC", "CLK\PllVidWalkTC\PllVidWalkTC.csproj", "{87B64E95-E04F-41E6-8D4E-039DE5F5AC34}"
EndProject
Project("{9A19103F-16F7-4668-BE54-9A1E7A4F7556}") = "MEMDECODE_CLK_FLL_ALL", "CLK\MEMDECODE_CLK_FLL_ALL\MEMDECODE_CLK_FLL_ALL.csproj", "{67E2C5DB-6402-4958-A480-F6392D8165A6}"
EndProject
Project("{9A19103F-16F7-4668-BE54-9A1E7A4F7556}") = "AnalogFuncCaptureCtv", "DCMX\AnalogFuncCaptureCtv\AnalogFuncCaptureCtv.csproj", "{D0EEEE6C-928C-43AE-B8C5-001BCC0D49AC}"
EndProject
Project("{9A19103F-16F7-4668-BE54-9A1E7A4F7556}") = "CtvDecoder", "DCMX\CtvDecoder\CtvDecoder.csproj", "{BEA669AC-7F91-4BFD-8424-9F612428AA81}"
EndProject
Project("{D954291E-2A0B-460D-934E-DC6B0785DB48}") = "CtvServices", "DCMX\CtvServices\CtvServices.shproj", "{1EFE8935-0CF9-4902-94A6-944E70BB4518}"
EndProject
Project("{9A19103F-16F7-4668-BE54-9A1E7A4F7556}") = "ExitPortFromGsds", "ExitPortFromGsds\ExitPortFromGsds\ExitPortFromGsds.csproj", "{7C16EEB4-E37C-4CDC-ACA3-4232073F4219}"
EndProject
Project("{9A19103F-16F7-4668-BE54-9A1E7A4F7556}") = "FIVRDACFitTC", "FIVR\FIVRDACFitTC\FIVRDACFitTC.csproj", "{5FA24105-6BEB-4E9B-BFD2-EA89588993D6}"
EndProject
Project("{9A19103F-16F7-4668-BE54-9A1E7A4F7556}") = "FIVRTrimTC", "FIVR\FIVRTrimTC\FIVRTrimTC.csproj", "{D89DDEE2-DAA6-46FC-B698-74335D26EEE5}"
EndProject
Project("{9A19103F-16F7-4668-BE54-9A1E7A4F7556}") = "MEMDECODE_MIO_DDR_AC", "MIO\MEMDECODE_MIO_DDR_AC\MEMDECODE_MIO_DDR_AC.csproj", "{9BBE0302-64CE-420A-85B0-47387F13D275}"
EndProject
Project("{9A19103F-16F7-4668-BE54-9A1E7A4F7556}") = "PstateTest", "PstateTest\PstateTest\PstateTest.csproj", "{7BDB6AF2-9F12-4FDE-A067-C8D4F865F782}"
EndProject
Project("{9A19103F-16F7-4668-BE54-9A1E7A4F7556}") = "DUSTI_Configure", "PTH\DUSTI_Configure\DUSTI_Configure.csproj", "{C65DC91D-7A9F-4C99-8078-AF8B632BE15D}"
EndProject
Project("{9A19103F-16F7-4668-BE54-9A1E7A4F7556}") = "DUSTI_StartLogging", "PTH\DUSTI_StartLogging\DUSTI_StartLogging.csproj", "{3F1543C9-9F6E-437B-82A8-3C83551AF077}"
EndProject
Project("{9A19103F-16F7-4668-BE54-9A1E7A4F7556}") = "DUSTI_StopLogging", "PTH\DUSTI_StopLogging\DUSTI_StopLogging.csproj", "{0C8C0FD7-D5DB-4F0C-9200-E931E274BA15}"
EndProject
Project("{9A19103F-16F7-4668-BE54-9A1E7A4F7556}") = "PTHBgTrimTC", "PTH\PTHBgTrimTC\PTHBgTrimTC.csproj", "{2A017AFA-AD15-47A9-BABF-20943A07D3C8}"
EndProject
Project("{9A19103F-16F7-4668-BE54-9A1E7A4F7556}") = "PTHCalcTC", "PTH\PTHCalcTC\PTHCalcTC.csproj", "{ABE1AAF2-6997-43E6-AC5A-F2A46AE94E87}"
EndProject
Project("{9A19103F-16F7-4668-BE54-9A1E7A4F7556}") = "PTHGetSetGsdsDffTC", "PTH\PTHGetSetGsdsDffTC\PTHGetSetGsdsDffTC.csproj", "{9978A456-858A-4613-94CC-EEB109199878}"
EndProject
Project("{9A19103F-16F7-4668-BE54-9A1E7A4F7556}") = "SIOCommon", "SIO\SIOCommon\SIOCommon.csproj", "{5FC6619A-F89D-4190-A213-64BCE905CD9B}"
EndProject
Project("{9A19103F-16F7-4668-BE54-9A1E7A4F7556}") = "SIOEDCLogTC", "SIO\SIOEDCLogTC\SIOEDCLogTC.csproj", "{16A35A28-2308-4F1D-88E1-451026FA124D}"
EndProject
Project("{9A19103F-16F7-4668-BE54-9A1E7A4F7556}") = "SIOEDCMainTC", "SIO\SIOEDCMainTC\SIOEDCMainTC.csproj", "{5F799035-D977-47BE-9374-3DC47E4C0AE8}"
EndProject
Project("{9A19103F-16F7-4668-BE54-9A1E7A4F7556}") = "SIOShmooTC", "SIO\SIOShmooTC\SIOShmooTC.csproj", "{2F517E13-A179-4AA4-BCAD-15886BC2ADE2}"
EndProject
Project("{9A19103F-16F7-4668-BE54-9A1E7A4F7556}") = "DcPrint", "TPT\DcPrint\DcPrint.csproj", "{CE9A64B1-34D3-4C6B-A0E1-624E0B45D1A4}"
EndProject
Project("{9A19103F-16F7-4668-BE54-9A1E7A4F7556}") = "MEMDECODE_CLK_FLL_ALL.UnitTest", "CLK\MEMDECODE_CLK_FLL_ALL.UnitTest\MEMDECODE_CLK_FLL_ALL.UnitTest.csproj", "{8B556AB6-7CDF-430D-90EF-09E91CA0720D}"
EndProject
Project("{9A19103F-16F7-4668-BE54-9A1E7A4F7556}") = "PllVidWalkTC.UnitTest", "CLK\PllVidWalkTC.UnitTest\PllVidWalkTC.UnitTest.csproj", "{0B2D7A34-E425-434C-8E67-486C599095CF}"
EndProject
Project("{9A19103F-16F7-4668-BE54-9A1E7A4F7556}") = "AnalogFuncCaptureCtv.UnitTest", "DCMX\AnalogFuncCaptureCtv.UnitTest\AnalogFuncCaptureCtv.UnitTest.csproj", "{72BC35A0-784A-43AE-8670-31E06CA73B7C}"
EndProject
Project("{9A19103F-16F7-4668-BE54-9A1E7A4F7556}") = "CtvDecoder.UnitTest", "DCMX\CtvDecoder.UnitTest\CtvDecoder.UnitTest.csproj", "{DF81F045-6288-4CF7-9EC5-4052996283C7}"
EndProject
Project("{9A19103F-16F7-4668-BE54-9A1E7A4F7556}") = "ExitPortFromGsds.UnitTest", "ExitPortFromGsds\ExitPortFromGsds.UnitTest\ExitPortFromGsds.UnitTest.csproj", "{0401D73C-8086-4132-8E62-2F3D50EB21A8}"
EndProject
Project("{9A19103F-16F7-4668-BE54-9A1E7A4F7556}") = "FIVRDACFitTC.UnitTest", "FIVR\FIVRDACFitTC.UnitTest\FIVRDACFitTC.UnitTest.csproj", "{CACE9BA8-A673-490C-A2F9-FC8640CBBA13}"
EndProject
Project("{9A19103F-16F7-4668-BE54-9A1E7A4F7556}") = "FivrTrimTC.UnitTest", "FIVR\FIVRTrimTC.UnitTest\FivrTrimTC.UnitTest.csproj", "{A7B4987A-5D64-459F-85CC-7E3BB27AEF42}"
EndProject
Project("{9A19103F-16F7-4668-BE54-9A1E7A4F7556}") = "MEMDECODE_MIO_DDR_AC.UnitTest", "MIO\MEMDECODE_MIO_DDR_AC.UnitTest\MEMDECODE_MIO_DDR_AC.UnitTest.csproj", "{43948DE9-0322-40D6-A7D6-855F04E1144D}"
EndProject
Project("{9A19103F-16F7-4668-BE54-9A1E7A4F7556}") = "PstateTest.UnitTest", "PstateTest\PstateTest.UnitTest\PstateTest.UnitTest.csproj", "{DBA16F58-F5D0-4D28-B0CB-45073FA37AC3}"
EndProject
Project("{9A19103F-16F7-4668-BE54-9A1E7A4F7556}") = "DUSTI_Configure.UnitTest", "PTH\DUSTI_Configure.UnitTest\DUSTI_Configure.UnitTest.csproj", "{52F0E99D-09B4-4D0D-B95A-72615B68648A}"
EndProject
Project("{9A19103F-16F7-4668-BE54-9A1E7A4F7556}") = "DUSTI_StartLogging.UnitTest", "PTH\DUSTI_StartLogging.UnitTest\DUSTI_StartLogging.UnitTest.csproj", "{AE65E4EA-F263-451B-8163-9FD3A5C69309}"
EndProject
Project("{9A19103F-16F7-4668-BE54-9A1E7A4F7556}") = "DUSTI_StopLogging.UnitTest", "PTH\DUSTI_StopLogging.UnitTest\DUSTI_StopLogging.UnitTest.csproj", "{79D1BD46-AC1F-4572-B0F7-512BD7E1440C}"
EndProject
Project("{9A19103F-16F7-4668-BE54-9A1E7A4F7556}") = "PTHBgTrimTC.UnitTest", "PTH\PTHBgTrimTC.UnitTest\PTHBgTrimTC.UnitTest.csproj", "{B36BEBDD-EA95-4E19-BC48-B998007658D5}"
EndProject
Project("{9A19103F-16F7-4668-BE54-9A1E7A4F7556}") = "PTHCalcTC.UnitTest", "PTH\PTHCalcTC.UnitTest\PTHCalcTC.UnitTest.csproj", "{2D4B3CE4-44E4-4483-9CE1-A12C84DE38B9}"
EndProject
Project("{9A19103F-16F7-4668-BE54-9A1E7A4F7556}") = "PTHGetSetGsdsDffTC.UnitTest", "PTH\PTHGetSetGsdsDffTC.UnitTest\PTHGetSetGsdsDffTC.UnitTest.csproj", "{7ACE464D-C73D-4857-8F5E-8FA0B7F9D70C}"
EndProject
Project("{9A19103F-16F7-4668-BE54-9A1E7A4F7556}") = "SIOCommon.UnitTest", "SIO\SIOCommon.UnitTest\SIOCommon.UnitTest.csproj", "{89FB79EB-E404-4085-8AE5-8E4B2FAAF451}"
EndProject
Project("{9A19103F-16F7-4668-BE54-9A1E7A4F7556}") = "SIOEDCLogTC.UnitTest", "SIO\SIOEDCLogTC.UnitTest\SIOEDCLogTC.UnitTest.csproj", "{423DAAE4-AA88-4185-B232-22C639C391F0}"
EndProject
Project("{9A19103F-16F7-4668-BE54-9A1E7A4F7556}") = "SIOEDCMainTC.UnitTest", "SIO\SIOEDCMainTC.UnitTest\SIOEDCMainTC.UnitTest.csproj", "{5D8C4FE8-6A4D-453E-AA7E-60F0E090AC5E}"
EndProject
Project("{9A19103F-16F7-4668-BE54-9A1E7A4F7556}") = "SIOShmooTC.UnitTest", "SIO\SIOShmooTC.UnitTest\SIOShmooTC.UnitTest.csproj", "{A4123824-16F8-42F5-943B-6043DECF9B56}"
EndProject
Project("{9A19103F-16F7-4668-BE54-9A1E7A4F7556}") = "DcPrint.UnitTest", "TPT\DcPrint.UnitTest\DcPrint.UnitTest.csproj", "{DFACD731-A042-4069-BBCB-38E7EF8C000A}"
EndProject
Project("{9A19103F-16F7-4668-BE54-9A1E7A4F7556}") = "InterleavePatModShmoo", "PGM\InterleavePatModShmoo\InterleavePatModShmoo.csproj", "{9541E8F9-ADE4-46D0-A351-7C95D6106AAB}"
EndProject
Project("{9A19103F-16F7-4668-BE54-9A1E7A4F7556}") = "InterleavePatModShmoo.UnitTest", "PGM\InterleavePatModShmoo.UnitTest\InterleavePatModShmoo.UnitTest.csproj", "{89076BBF-5F40-4439-B479-AEB800EE446E}"
EndProject
Global
	GlobalSection(SharedMSBuildProjectFiles) = preSolution
		DCMX\CtvServices\CtvServices.projitems*{1efe8935-0cf9-4902-94a6-944e70bb4518}*SharedItemsImports = 13
		DCMX\CtvServices\CtvServices.projitems*{bea669ac-7f91-4bfd-8424-9f612428aa81}*SharedItemsImports = 5
	EndGlobalSection
	GlobalSection(SolutionConfigurationPlatforms) = preSolution
		Debug|Any CPU = Debug|Any CPU
		Release|Any CPU = Release|Any CPU
	EndGlobalSection
	GlobalSection(ProjectConfigurationPlatforms) = postSolution
		{87B64E95-E04F-41E6-8D4E-039DE5F5AC34}.Debug|Any CPU.ActiveCfg = Debug|Any CPU
		{87B64E95-E04F-41E6-8D4E-039DE5F5AC34}.Debug|Any CPU.Build.0 = Debug|Any CPU
		{87B64E95-E04F-41E6-8D4E-039DE5F5AC34}.Release|Any CPU.ActiveCfg = Release|Any CPU
		{87B64E95-E04F-41E6-8D4E-039DE5F5AC34}.Release|Any CPU.Build.0 = Release|Any CPU
		{67E2C5DB-6402-4958-A480-F6392D8165A6}.Debug|Any CPU.ActiveCfg = Debug|Any CPU
		{67E2C5DB-6402-4958-A480-F6392D8165A6}.Debug|Any CPU.Build.0 = Debug|Any CPU
		{67E2C5DB-6402-4958-A480-F6392D8165A6}.Release|Any CPU.ActiveCfg = Release|Any CPU
		{67E2C5DB-6402-4958-A480-F6392D8165A6}.Release|Any CPU.Build.0 = Release|Any CPU
		{D0EEEE6C-928C-43AE-B8C5-001BCC0D49AC}.Debug|Any CPU.ActiveCfg = Debug|Any CPU
		{D0EEEE6C-928C-43AE-B8C5-001BCC0D49AC}.Debug|Any CPU.Build.0 = Debug|Any CPU
		{D0EEEE6C-928C-43AE-B8C5-001BCC0D49AC}.Release|Any CPU.ActiveCfg = Release|Any CPU
		{D0EEEE6C-928C-43AE-B8C5-001BCC0D49AC}.Release|Any CPU.Build.0 = Release|Any CPU
		{BEA669AC-7F91-4BFD-8424-9F612428AA81}.Debug|Any CPU.ActiveCfg = Debug|Any CPU
		{BEA669AC-7F91-4BFD-8424-9F612428AA81}.Debug|Any CPU.Build.0 = Debug|Any CPU
		{BEA669AC-7F91-4BFD-8424-9F612428AA81}.Release|Any CPU.ActiveCfg = Release|Any CPU
		{BEA669AC-7F91-4BFD-8424-9F612428AA81}.Release|Any CPU.Build.0 = Release|Any CPU
		{7C16EEB4-E37C-4CDC-ACA3-4232073F4219}.Debug|Any CPU.ActiveCfg = Debug|Any CPU
		{7C16EEB4-E37C-4CDC-ACA3-4232073F4219}.Debug|Any CPU.Build.0 = Debug|Any CPU
		{7C16EEB4-E37C-4CDC-ACA3-4232073F4219}.Release|Any CPU.ActiveCfg = Release|Any CPU
		{7C16EEB4-E37C-4CDC-ACA3-4232073F4219}.Release|Any CPU.Build.0 = Release|Any CPU
		{5FA24105-6BEB-4E9B-BFD2-EA89588993D6}.Debug|Any CPU.ActiveCfg = Debug|Any CPU
		{5FA24105-6BEB-4E9B-BFD2-EA89588993D6}.Debug|Any CPU.Build.0 = Debug|Any CPU
		{5FA24105-6BEB-4E9B-BFD2-EA89588993D6}.Release|Any CPU.ActiveCfg = Release|Any CPU
		{5FA24105-6BEB-4E9B-BFD2-EA89588993D6}.Release|Any CPU.Build.0 = Release|Any CPU
		{D89DDEE2-DAA6-46FC-B698-74335D26EEE5}.Debug|Any CPU.ActiveCfg = Debug|Any CPU
		{D89DDEE2-DAA6-46FC-B698-74335D26EEE5}.Debug|Any CPU.Build.0 = Debug|Any CPU
		{D89DDEE2-DAA6-46FC-B698-74335D26EEE5}.Release|Any CPU.ActiveCfg = Release|Any CPU
		{D89DDEE2-DAA6-46FC-B698-74335D26EEE5}.Release|Any CPU.Build.0 = Release|Any CPU
		{9BBE0302-64CE-420A-85B0-47387F13D275}.Debug|Any CPU.ActiveCfg = Debug|Any CPU
		{9BBE0302-64CE-420A-85B0-47387F13D275}.Debug|Any CPU.Build.0 = Debug|Any CPU
		{9BBE0302-64CE-420A-85B0-47387F13D275}.Release|Any CPU.ActiveCfg = Release|Any CPU
		{9BBE0302-64CE-420A-85B0-47387F13D275}.Release|Any CPU.Build.0 = Release|Any CPU
		{7BDB6AF2-9F12-4FDE-A067-C8D4F865F782}.Debug|Any CPU.ActiveCfg = Debug|Any CPU
		{7BDB6AF2-9F12-4FDE-A067-C8D4F865F782}.Debug|Any CPU.Build.0 = Debug|Any CPU
		{7BDB6AF2-9F12-4FDE-A067-C8D4F865F782}.Release|Any CPU.ActiveCfg = Release|Any CPU
		{7BDB6AF2-9F12-4FDE-A067-C8D4F865F782}.Release|Any CPU.Build.0 = Release|Any CPU
		{C65DC91D-7A9F-4C99-8078-AF8B632BE15D}.Debug|Any CPU.ActiveCfg = Debug|Any CPU
		{C65DC91D-7A9F-4C99-8078-AF8B632BE15D}.Debug|Any CPU.Build.0 = Debug|Any CPU
		{C65DC91D-7A9F-4C99-8078-AF8B632BE15D}.Release|Any CPU.ActiveCfg = Release|Any CPU
		{C65DC91D-7A9F-4C99-8078-AF8B632BE15D}.Release|Any CPU.Build.0 = Release|Any CPU
		{3F1543C9-9F6E-437B-82A8-3C83551AF077}.Debug|Any CPU.ActiveCfg = Debug|Any CPU
		{3F1543C9-9F6E-437B-82A8-3C83551AF077}.Debug|Any CPU.Build.0 = Debug|Any CPU
		{3F1543C9-9F6E-437B-82A8-3C83551AF077}.Release|Any CPU.ActiveCfg = Release|Any CPU
		{3F1543C9-9F6E-437B-82A8-3C83551AF077}.Release|Any CPU.Build.0 = Release|Any CPU
		{0C8C0FD7-D5DB-4F0C-9200-E931E274BA15}.Debug|Any CPU.ActiveCfg = Debug|Any CPU
		{0C8C0FD7-D5DB-4F0C-9200-E931E274BA15}.Debug|Any CPU.Build.0 = Debug|Any CPU
		{0C8C0FD7-D5DB-4F0C-9200-E931E274BA15}.Release|Any CPU.ActiveCfg = Release|Any CPU
		{0C8C0FD7-D5DB-4F0C-9200-E931E274BA15}.Release|Any CPU.Build.0 = Release|Any CPU
		{2A017AFA-AD15-47A9-BABF-20943A07D3C8}.Debug|Any CPU.ActiveCfg = Debug|Any CPU
		{2A017AFA-AD15-47A9-BABF-20943A07D3C8}.Debug|Any CPU.Build.0 = Debug|Any CPU
		{2A017AFA-AD15-47A9-BABF-20943A07D3C8}.Release|Any CPU.ActiveCfg = Release|Any CPU
		{2A017AFA-AD15-47A9-BABF-20943A07D3C8}.Release|Any CPU.Build.0 = Release|Any CPU
		{ABE1AAF2-6997-43E6-AC5A-F2A46AE94E87}.Debug|Any CPU.ActiveCfg = Debug|Any CPU
		{ABE1AAF2-6997-43E6-AC5A-F2A46AE94E87}.Debug|Any CPU.Build.0 = Debug|Any CPU
		{ABE1AAF2-6997-43E6-AC5A-F2A46AE94E87}.Release|Any CPU.ActiveCfg = Release|Any CPU
		{ABE1AAF2-6997-43E6-AC5A-F2A46AE94E87}.Release|Any CPU.Build.0 = Release|Any CPU
		{9978A456-858A-4613-94CC-EEB109199878}.Debug|Any CPU.ActiveCfg = Debug|Any CPU
		{9978A456-858A-4613-94CC-EEB109199878}.Debug|Any CPU.Build.0 = Debug|Any CPU
		{9978A456-858A-4613-94CC-EEB109199878}.Release|Any CPU.ActiveCfg = Release|Any CPU
		{9978A456-858A-4613-94CC-EEB109199878}.Release|Any CPU.Build.0 = Release|Any CPU
		{5FC6619A-F89D-4190-A213-64BCE905CD9B}.Debug|Any CPU.ActiveCfg = Debug|Any CPU
		{5FC6619A-F89D-4190-A213-64BCE905CD9B}.Debug|Any CPU.Build.0 = Debug|Any CPU
		{5FC6619A-F89D-4190-A213-64BCE905CD9B}.Release|Any CPU.ActiveCfg = Release|Any CPU
		{5FC6619A-F89D-4190-A213-64BCE905CD9B}.Release|Any CPU.Build.0 = Release|Any CPU
		{16A35A28-2308-4F1D-88E1-451026FA124D}.Debug|Any CPU.ActiveCfg = Debug|Any CPU
		{16A35A28-2308-4F1D-88E1-451026FA124D}.Debug|Any CPU.Build.0 = Debug|Any CPU
		{16A35A28-2308-4F1D-88E1-451026FA124D}.Release|Any CPU.ActiveCfg = Release|Any CPU
		{16A35A28-2308-4F1D-88E1-451026FA124D}.Release|Any CPU.Build.0 = Release|Any CPU
		{5F799035-D977-47BE-9374-3DC47E4C0AE8}.Debug|Any CPU.ActiveCfg = Debug|Any CPU
		{5F799035-D977-47BE-9374-3DC47E4C0AE8}.Debug|Any CPU.Build.0 = Debug|Any CPU
		{5F799035-D977-47BE-9374-3DC47E4C0AE8}.Release|Any CPU.ActiveCfg = Release|Any CPU
		{5F799035-D977-47BE-9374-3DC47E4C0AE8}.Release|Any CPU.Build.0 = Release|Any CPU
		{2F517E13-A179-4AA4-BCAD-15886BC2ADE2}.Debug|Any CPU.ActiveCfg = Debug|Any CPU
		{2F517E13-A179-4AA4-BCAD-15886BC2ADE2}.Debug|Any CPU.Build.0 = Debug|Any CPU
		{2F517E13-A179-4AA4-BCAD-15886BC2ADE2}.Release|Any CPU.ActiveCfg = Release|Any CPU
		{2F517E13-A179-4AA4-BCAD-15886BC2ADE2}.Release|Any CPU.Build.0 = Release|Any CPU
		{CE9A64B1-34D3-4C6B-A0E1-624E0B45D1A4}.Debug|Any CPU.ActiveCfg = Debug|Any CPU
		{CE9A64B1-34D3-4C6B-A0E1-624E0B45D1A4}.Debug|Any CPU.Build.0 = Debug|Any CPU
		{CE9A64B1-34D3-4C6B-A0E1-624E0B45D1A4}.Release|Any CPU.ActiveCfg = Release|Any CPU
		{CE9A64B1-34D3-4C6B-A0E1-624E0B45D1A4}.Release|Any CPU.Build.0 = Release|Any CPU
		{8B556AB6-7CDF-430D-90EF-09E91CA0720D}.Debug|Any CPU.ActiveCfg = Debug|Any CPU
		{8B556AB6-7CDF-430D-90EF-09E91CA0720D}.Debug|Any CPU.Build.0 = Debug|Any CPU
		{8B556AB6-7CDF-430D-90EF-09E91CA0720D}.Release|Any CPU.ActiveCfg = Release|Any CPU
		{8B556AB6-7CDF-430D-90EF-09E91CA0720D}.Release|Any CPU.Build.0 = Release|Any CPU
		{0B2D7A34-E425-434C-8E67-486C599095CF}.Debug|Any CPU.ActiveCfg = Debug|Any CPU
		{0B2D7A34-E425-434C-8E67-486C599095CF}.Debug|Any CPU.Build.0 = Debug|Any CPU
		{0B2D7A34-E425-434C-8E67-486C599095CF}.Release|Any CPU.ActiveCfg = Release|Any CPU
		{0B2D7A34-E425-434C-8E67-486C599095CF}.Release|Any CPU.Build.0 = Release|Any CPU
		{72BC35A0-784A-43AE-8670-31E06CA73B7C}.Debug|Any CPU.ActiveCfg = Debug|Any CPU
		{72BC35A0-784A-43AE-8670-31E06CA73B7C}.Debug|Any CPU.Build.0 = Debug|Any CPU
		{72BC35A0-784A-43AE-8670-31E06CA73B7C}.Release|Any CPU.ActiveCfg = Release|Any CPU
		{72BC35A0-784A-43AE-8670-31E06CA73B7C}.Release|Any CPU.Build.0 = Release|Any CPU
		{DF81F045-6288-4CF7-9EC5-4052996283C7}.Debug|Any CPU.ActiveCfg = Debug|Any CPU
		{DF81F045-6288-4CF7-9EC5-4052996283C7}.Debug|Any CPU.Build.0 = Debug|Any CPU
		{DF81F045-6288-4CF7-9EC5-4052996283C7}.Release|Any CPU.ActiveCfg = Release|Any CPU
		{DF81F045-6288-4CF7-9EC5-4052996283C7}.Release|Any CPU.Build.0 = Release|Any CPU
		{0401D73C-8086-4132-8E62-2F3D50EB21A8}.Debug|Any CPU.ActiveCfg = Debug|Any CPU
		{0401D73C-8086-4132-8E62-2F3D50EB21A8}.Debug|Any CPU.Build.0 = Debug|Any CPU
		{0401D73C-8086-4132-8E62-2F3D50EB21A8}.Release|Any CPU.ActiveCfg = Release|Any CPU
		{0401D73C-8086-4132-8E62-2F3D50EB21A8}.Release|Any CPU.Build.0 = Release|Any CPU
		{CACE9BA8-A673-490C-A2F9-FC8640CBBA13}.Debug|Any CPU.ActiveCfg = Debug|Any CPU
		{CACE9BA8-A673-490C-A2F9-FC8640CBBA13}.Debug|Any CPU.Build.0 = Debug|Any CPU
		{CACE9BA8-A673-490C-A2F9-FC8640CBBA13}.Release|Any CPU.ActiveCfg = Release|Any CPU
		{CACE9BA8-A673-490C-A2F9-FC8640CBBA13}.Release|Any CPU.Build.0 = Release|Any CPU
		{A7B4987A-5D64-459F-85CC-7E3BB27AEF42}.Debug|Any CPU.ActiveCfg = Debug|Any CPU
		{A7B4987A-5D64-459F-85CC-7E3BB27AEF42}.Debug|Any CPU.Build.0 = Debug|Any CPU
		{A7B4987A-5D64-459F-85CC-7E3BB27AEF42}.Release|Any CPU.ActiveCfg = Release|Any CPU
		{A7B4987A-5D64-459F-85CC-7E3BB27AEF42}.Release|Any CPU.Build.0 = Release|Any CPU
		{43948DE9-0322-40D6-A7D6-855F04E1144D}.Debug|Any CPU.ActiveCfg = Debug|Any CPU
		{43948DE9-0322-40D6-A7D6-855F04E1144D}.Debug|Any CPU.Build.0 = Debug|Any CPU
		{43948DE9-0322-40D6-A7D6-855F04E1144D}.Release|Any CPU.ActiveCfg = Release|Any CPU
		{43948DE9-0322-40D6-A7D6-855F04E1144D}.Release|Any CPU.Build.0 = Release|Any CPU
		{DBA16F58-F5D0-4D28-B0CB-45073FA37AC3}.Debug|Any CPU.ActiveCfg = Debug|Any CPU
		{DBA16F58-F5D0-4D28-B0CB-45073FA37AC3}.Debug|Any CPU.Build.0 = Debug|Any CPU
		{DBA16F58-F5D0-4D28-B0CB-45073FA37AC3}.Release|Any CPU.ActiveCfg = Release|Any CPU
		{DBA16F58-F5D0-4D28-B0CB-45073FA37AC3}.Release|Any CPU.Build.0 = Release|Any CPU
		{52F0E99D-09B4-4D0D-B95A-72615B68648A}.Debug|Any CPU.ActiveCfg = Debug|Any CPU
		{52F0E99D-09B4-4D0D-B95A-72615B68648A}.Debug|Any CPU.Build.0 = Debug|Any CPU
		{52F0E99D-09B4-4D0D-B95A-72615B68648A}.Release|Any CPU.ActiveCfg = Release|Any CPU
		{52F0E99D-09B4-4D0D-B95A-72615B68648A}.Release|Any CPU.Build.0 = Release|Any CPU
		{AE65E4EA-F263-451B-8163-9FD3A5C69309}.Debug|Any CPU.ActiveCfg = Debug|Any CPU
		{AE65E4EA-F263-451B-8163-9FD3A5C69309}.Debug|Any CPU.Build.0 = Debug|Any CPU
		{AE65E4EA-F263-451B-8163-9FD3A5C69309}.Release|Any CPU.ActiveCfg = Release|Any CPU
		{AE65E4EA-F263-451B-8163-9FD3A5C69309}.Release|Any CPU.Build.0 = Release|Any CPU
		{79D1BD46-AC1F-4572-B0F7-512BD7E1440C}.Debug|Any CPU.ActiveCfg = Debug|Any CPU
		{79D1BD46-AC1F-4572-B0F7-512BD7E1440C}.Debug|Any CPU.Build.0 = Debug|Any CPU
		{79D1BD46-AC1F-4572-B0F7-512BD7E1440C}.Release|Any CPU.ActiveCfg = Release|Any CPU
		{79D1BD46-AC1F-4572-B0F7-512BD7E1440C}.Release|Any CPU.Build.0 = Release|Any CPU
		{B36BEBDD-EA95-4E19-BC48-B998007658D5}.Debug|Any CPU.ActiveCfg = Debug|Any CPU
		{B36BEBDD-EA95-4E19-BC48-B998007658D5}.Debug|Any CPU.Build.0 = Debug|Any CPU
		{B36BEBDD-EA95-4E19-BC48-B998007658D5}.Release|Any CPU.ActiveCfg = Release|Any CPU
		{B36BEBDD-EA95-4E19-BC48-B998007658D5}.Release|Any CPU.Build.0 = Release|Any CPU
		{2D4B3CE4-44E4-4483-9CE1-A12C84DE38B9}.Debug|Any CPU.ActiveCfg = Debug|Any CPU
		{2D4B3CE4-44E4-4483-9CE1-A12C84DE38B9}.Debug|Any CPU.Build.0 = Debug|Any CPU
		{2D4B3CE4-44E4-4483-9CE1-A12C84DE38B9}.Release|Any CPU.ActiveCfg = Release|Any CPU
		{2D4B3CE4-44E4-4483-9CE1-A12C84DE38B9}.Release|Any CPU.Build.0 = Release|Any CPU
		{7ACE464D-C73D-4857-8F5E-8FA0B7F9D70C}.Debug|Any CPU.ActiveCfg = Debug|Any CPU
		{7ACE464D-C73D-4857-8F5E-8FA0B7F9D70C}.Debug|Any CPU.Build.0 = Debug|Any CPU
		{7ACE464D-C73D-4857-8F5E-8FA0B7F9D70C}.Release|Any CPU.ActiveCfg = Release|Any CPU
		{7ACE464D-C73D-4857-8F5E-8FA0B7F9D70C}.Release|Any CPU.Build.0 = Release|Any CPU
		{89FB79EB-E404-4085-8AE5-8E4B2FAAF451}.Debug|Any CPU.ActiveCfg = Debug|Any CPU
		{89FB79EB-E404-4085-8AE5-8E4B2FAAF451}.Debug|Any CPU.Build.0 = Debug|Any CPU
		{89FB79EB-E404-4085-8AE5-8E4B2FAAF451}.Release|Any CPU.ActiveCfg = Release|Any CPU
		{89FB79EB-E404-4085-8AE5-8E4B2FAAF451}.Release|Any CPU.Build.0 = Release|Any CPU
		{423DAAE4-AA88-4185-B232-22C639C391F0}.Debug|Any CPU.ActiveCfg = Debug|Any CPU
		{423DAAE4-AA88-4185-B232-22C639C391F0}.Debug|Any CPU.Build.0 = Debug|Any CPU
		{423DAAE4-AA88-4185-B232-22C639C391F0}.Release|Any CPU.ActiveCfg = Release|Any CPU
		{423DAAE4-AA88-4185-B232-22C639C391F0}.Release|Any CPU.Build.0 = Release|Any CPU
		{5D8C4FE8-6A4D-453E-AA7E-60F0E090AC5E}.Debug|Any CPU.ActiveCfg = Debug|Any CPU
		{5D8C4FE8-6A4D-453E-AA7E-60F0E090AC5E}.Debug|Any CPU.Build.0 = Debug|Any CPU
		{5D8C4FE8-6A4D-453E-AA7E-60F0E090AC5E}.Release|Any CPU.ActiveCfg = Release|Any CPU
		{5D8C4FE8-6A4D-453E-AA7E-60F0E090AC5E}.Release|Any CPU.Build.0 = Release|Any CPU
		{A4123824-16F8-42F5-943B-6043DECF9B56}.Debug|Any CPU.ActiveCfg = Debug|Any CPU
		{A4123824-16F8-42F5-943B-6043DECF9B56}.Debug|Any CPU.Build.0 = Debug|Any CPU
		{A4123824-16F8-42F5-943B-6043DECF9B56}.Release|Any CPU.ActiveCfg = Release|Any CPU
		{A4123824-16F8-42F5-943B-6043DECF9B56}.Release|Any CPU.Build.0 = Release|Any CPU
		{DFACD731-A042-4069-BBCB-38E7EF8C000A}.Debug|Any CPU.ActiveCfg = Debug|Any CPU
		{DFACD731-A042-4069-BBCB-38E7EF8C000A}.Debug|Any CPU.Build.0 = Debug|Any CPU
		{DFACD731-A042-4069-BBCB-38E7EF8C000A}.Release|Any CPU.ActiveCfg = Release|Any CPU
		{DFACD731-A042-4069-BBCB-38E7EF8C000A}.Release|Any CPU.Build.0 = Release|Any CPU
		{9541E8F9-ADE4-46D0-A351-7C95D6106AAB}.Debug|Any CPU.ActiveCfg = Debug|Any CPU
		{9541E8F9-ADE4-46D0-A351-7C95D6106AAB}.Debug|Any CPU.Build.0 = Debug|Any CPU
		{9541E8F9-ADE4-46D0-A351-7C95D6106AAB}.Release|Any CPU.ActiveCfg = Release|Any CPU
		{9541E8F9-ADE4-46D0-A351-7C95D6106AAB}.Release|Any CPU.Build.0 = Release|Any CPU
		{89076BBF-5F40-4439-B479-AEB800EE446E}.Debug|Any CPU.ActiveCfg = Debug|Any CPU
		{89076BBF-5F40-4439-B479-AEB800EE446E}.Debug|Any CPU.Build.0 = Debug|Any CPU
		{89076BBF-5F40-4439-B479-AEB800EE446E}.Release|Any CPU.ActiveCfg = Release|Any CPU
		{89076BBF-5F40-4439-B479-AEB800EE446E}.Release|Any CPU.Build.0 = Release|Any CPU
	EndGlobalSection
	GlobalSection(SolutionProperties) = preSolution
		HideSolutionNode = FALSE
	EndGlobalSection
	GlobalSection(NestedProjects) = preSolution
		{87B64E95-E04F-41E6-8D4E-039DE5F5AC34} = {3C615A6E-D106-41FD-B5E6-89030A96AB82}
		{67E2C5DB-6402-4958-A480-F6392D8165A6} = {3C615A6E-D106-41FD-B5E6-89030A96AB82}
		{D0EEEE6C-928C-43AE-B8C5-001BCC0D49AC} = {3C615A6E-D106-41FD-B5E6-89030A96AB82}
		{BEA669AC-7F91-4BFD-8424-9F612428AA81} = {3C615A6E-D106-41FD-B5E6-89030A96AB82}
		{1EFE8935-0CF9-4902-94A6-944E70BB4518} = {3C615A6E-D106-41FD-B5E6-89030A96AB82}
		{7C16EEB4-E37C-4CDC-ACA3-4232073F4219} = {3C615A6E-D106-41FD-B5E6-89030A96AB82}
		{5FA24105-6BEB-4E9B-BFD2-EA89588993D6} = {3C615A6E-D106-41FD-B5E6-89030A96AB82}
		{D89DDEE2-DAA6-46FC-B698-74335D26EEE5} = {3C615A6E-D106-41FD-B5E6-89030A96AB82}
		{9BBE0302-64CE-420A-85B0-47387F13D275} = {3C615A6E-D106-41FD-B5E6-89030A96AB82}
		{7BDB6AF2-9F12-4FDE-A067-C8D4F865F782} = {3C615A6E-D106-41FD-B5E6-89030A96AB82}
		{C65DC91D-7A9F-4C99-8078-AF8B632BE15D} = {3C615A6E-D106-41FD-B5E6-89030A96AB82}
		{3F1543C9-9F6E-437B-82A8-3C83551AF077} = {3C615A6E-D106-41FD-B5E6-89030A96AB82}
		{0C8C0FD7-D5DB-4F0C-9200-E931E274BA15} = {3C615A6E-D106-41FD-B5E6-89030A96AB82}
		{2A017AFA-AD15-47A9-BABF-20943A07D3C8} = {3C615A6E-D106-41FD-B5E6-89030A96AB82}
		{ABE1AAF2-6997-43E6-AC5A-F2A46AE94E87} = {3C615A6E-D106-41FD-B5E6-89030A96AB82}
		{9978A456-858A-4613-94CC-EEB109199878} = {3C615A6E-D106-41FD-B5E6-89030A96AB82}
		{5FC6619A-F89D-4190-A213-64BCE905CD9B} = {3C615A6E-D106-41FD-B5E6-89030A96AB82}
		{16A35A28-2308-4F1D-88E1-451026FA124D} = {3C615A6E-D106-41FD-B5E6-89030A96AB82}
		{5F799035-D977-47BE-9374-3DC47E4C0AE8} = {3C615A6E-D106-41FD-B5E6-89030A96AB82}
		{2F517E13-A179-4AA4-BCAD-15886BC2ADE2} = {3C615A6E-D106-41FD-B5E6-89030A96AB82}
		{CE9A64B1-34D3-4C6B-A0E1-624E0B45D1A4} = {3C615A6E-D106-41FD-B5E6-89030A96AB82}
		{8B556AB6-7CDF-430D-90EF-09E91CA0720D} = {C9362FE3-6E51-4AA5-BAFA-D16171B8DF8F}
		{0B2D7A34-E425-434C-8E67-486C599095CF} = {C9362FE3-6E51-4AA5-BAFA-D16171B8DF8F}
		{72BC35A0-784A-43AE-8670-31E06CA73B7C} = {C9362FE3-6E51-4AA5-BAFA-D16171B8DF8F}
		{DF81F045-6288-4CF7-9EC5-4052996283C7} = {C9362FE3-6E51-4AA5-BAFA-D16171B8DF8F}
		{0401D73C-8086-4132-8E62-2F3D50EB21A8} = {C9362FE3-6E51-4AA5-BAFA-D16171B8DF8F}
		{CACE9BA8-A673-490C-A2F9-FC8640CBBA13} = {C9362FE3-6E51-4AA5-BAFA-D16171B8DF8F}
		{A7B4987A-5D64-459F-85CC-7E3BB27AEF42} = {C9362FE3-6E51-4AA5-BAFA-D16171B8DF8F}
		{43948DE9-0322-40D6-A7D6-855F04E1144D} = {C9362FE3-6E51-4AA5-BAFA-D16171B8DF8F}
		{DBA16F58-F5D0-4D28-B0CB-45073FA37AC3} = {C9362FE3-6E51-4AA5-BAFA-D16171B8DF8F}
		{52F0E99D-09B4-4D0D-B95A-72615B68648A} = {C9362FE3-6E51-4AA5-BAFA-D16171B8DF8F}
		{AE65E4EA-F263-451B-8163-9FD3A5C69309} = {C9362FE3-6E51-4AA5-BAFA-D16171B8DF8F}
		{79D1BD46-AC1F-4572-B0F7-512BD7E1440C} = {C9362FE3-6E51-4AA5-BAFA-D16171B8DF8F}
		{B36BEBDD-EA95-4E19-BC48-B998007658D5} = {C9362FE3-6E51-4AA5-BAFA-D16171B8DF8F}
		{2D4B3CE4-44E4-4483-9CE1-A12C84DE38B9} = {C9362FE3-6E51-4AA5-BAFA-D16171B8DF8F}
		{7ACE464D-C73D-4857-8F5E-8FA0B7F9D70C} = {C9362FE3-6E51-4AA5-BAFA-D16171B8DF8F}
		{89FB79EB-E404-4085-8AE5-8E4B2FAAF451} = {C9362FE3-6E51-4AA5-BAFA-D16171B8DF8F}
		{423DAAE4-AA88-4185-B232-22C639C391F0} = {C9362FE3-6E51-4AA5-BAFA-D16171B8DF8F}
		{5D8C4FE8-6A4D-453E-AA7E-60F0E090AC5E} = {C9362FE3-6E51-4AA5-BAFA-D16171B8DF8F}
		{A4123824-16F8-42F5-943B-6043DECF9B56} = {C9362FE3-6E51-4AA5-BAFA-D16171B8DF8F}
		{DFACD731-A042-4069-BBCB-38E7EF8C000A} = {C9362FE3-6E51-4AA5-BAFA-D16171B8DF8F}
		{9541E8F9-ADE4-46D0-A351-7C95D6106AAB} = {3C615A6E-D106-41FD-B5E6-89030A96AB82}
		{89076BBF-5F40-4439-B479-AEB800EE446E} = {C9362FE3-6E51-4AA5-BAFA-D16171B8DF8F}
	EndGlobalSection
	GlobalSection(ExtensibilityGlobals) = postSolution
		SolutionGuid = {96D28F69-071E-4684-A10B-76274EFA0497}
	EndGlobalSection
EndGlobal
