
Microsoft Visual Studio Solution File, Format Version 12.00
# Visual Studio Version 17
VisualStudioVersion = 17.0.32112.339
MinimumVisualStudioVersion = 10.0.40219.1
Project("{9A19103F-16F7-4668-BE54-9A1E7A4F7556}") = "CallbacksManager", "CallbacksManager\CallbacksManager\CallbacksManager.csproj", "{33B1D461-2421-43F5-AB22-FDC2F0FDCE5F}"
EndProject
Project("{9A19103F-16F7-4668-BE54-9A1E7A4F7556}") = "CallbacksManager.UnitTest", "CallbacksManager\CallbacksManager.UnitTest\CallbacksManager.UnitTest.csproj", "{F96E68D2-780C-4395-A058-E5300A6DB65F}"
EndProject
Project("{9A19103F-16F7-4668-BE54-9A1E7A4F7556}") = "DieRecoveryCallbacks", "DieRecoveryCallbacks\DieRecoveryCallbacks\DieRecoveryCallbacks.csproj", "{E55F11DB-08AA-4F2C-A09F-E5100EC7E8BE}"
EndProject
Project("{9A19103F-16F7-4668-BE54-9A1E7A4F7556}") = "DieRecoveryCallbacks.UnitTest", "DieRecoveryCallbacks\DieRecoveryCallbacks.UnitTest\DieRecoveryCallbacks.UnitTest.csproj", "{B4CA875D-A969-4480-A836-89CB90C35870}"
EndProject
Project("{9A19103F-16F7-4668-BE54-9A1E7A4F7556}") = "IVCurve", "IVCurve\IVCurve\IVCurve.csproj", "{05079EDE-BA61-4767-8D97-EBD9F738D924}"
EndProject
Project("{9A19103F-16F7-4668-BE54-9A1E7A4F7556}") = "IVCurve.UnitTest", "IVCurve\IVCurve.UnitTest\IVCurve.UnitTest.csproj", "{79B0669A-9EEA-4905-8838-AF973DCBA509}"
EndProject
Project("{9A19103F-16F7-4668-BE54-9A1E7A4F7556}") = "PowerSequenceHandler", "PowerSequenceHandler\PowerSequenceHandler\PowerSequenceHandler.csproj", "{ED2EAE68-E40D-40AC-83DB-7BA35EC62A4D}"
EndProject
Project("{9A19103F-16F7-4668-BE54-9A1E7A4F7556}") = "PowerSequenceHandler.UnitTest", "PowerSequenceHandler\PowerSequenceHandler.UnitTest\PowerSequenceHandler.UnitTest.csproj", "{754425B8-8F7C-46C3-8FC0-3CD18E13D4CF}"
EndProject
Project("{9A19103F-16F7-4668-BE54-9A1E7A4F7556}") = "SimpleCtvTC", "SimpleCtv\SimpleCtvTC\SimpleCtvTC.csproj", "{6003F192-7EC2-479D-9823-1766F86690D3}"
EndProject
Project("{9A19103F-16F7-4668-BE54-9A1E7A4F7556}") = "SimpleCtvTC.UnitTest", "SimpleCtv\SimpleCtvTC.UnitTest\SimpleCtvTC.UnitTest.csproj", "{B4EEA57D-F09F-4F5E-8398-2334964AA02C}"
EndProject
Project("{9A19103F-16F7-4668-BE54-9A1E7A4F7556}") = "SocRecovery", "SocRecovery\SocRecovery\SocRecovery.csproj", "{A974A373-77D0-46EB-B822-C6DFA345B274}"
EndProject
Project("{9A19103F-16F7-4668-BE54-9A1E7A4F7556}") = "SocRecovery.UnitTest", "SocRecovery\SocRecovery.UnitTest\SocRecovery.UnitTest.csproj", "{C5F18B84-B4FB-428B-9693-F0C21F112970}"
EndProject
Project("{9A19103F-16F7-4668-BE54-9A1E7A4F7556}") = "SocRecoveryCallbacks", "SocRecoveryCallbacks\SocRecoveryCallbacks\SocRecoveryCallbacks.csproj", "{6FBF1731-B903-4374-91D5-A81C8CC2AA8A}"
EndProject
Project("{9A19103F-16F7-4668-BE54-9A1E7A4F7556}") = "SocRecoveryCallbacks.UnitTest", "SocRecoveryCallbacks\SocRecoveryCallbacks.UnitTest\SocRecoveryCallbacks.UnitTest.csproj", "{77921EC6-9A10-4C6F-AFD3-CAED0685A4C8}"
EndProject
Project("{9A19103F-16F7-4668-BE54-9A1E7A4F7556}") = "VminTC", "Vmin\VminTC\VminTC.csproj", "{B56454BA-09E9-4FE4-AF2B-5D06C5933D57}"
EndProject
Project("{9A19103F-16F7-4668-BE54-9A1E7A4F7556}") = "VminTC.UnitTest", "Vmin\VminTC.UnitTest\VminTC.UnitTest.csproj", "{C975CA15-BFB1-43E7-9B13-567A1B5C1F65}"
EndProject
Project("{9A19103F-16F7-4668-BE54-9A1E7A4F7556}") = "VminForwardingCallbacks", "VminForwardingCallbacks\VminForwardingCallbacks\VminForwardingCallbacks.csproj", "{AE1FDEB0-B65E-42BD-9D6D-D833F347F82C}"
EndProject
Project("{9A19103F-16F7-4668-BE54-9A1E7A4F7556}") = "VminForwardingCallbacks.UnitTest", "VminForwardingCallbacks\VminForwardingCallbacks.UnitTest\VminForwardingCallbacks.UnitTest.csproj", "{E0E49299-28F6-4D54-B339-DF6F38C1720A}"
EndProject
Project("{9A19103F-16F7-4668-BE54-9A1E7A4F7556}") = "VminForwardingSaveAsUpsGsdsTC", "VminForwardingSaveAsUpsGsdsTC\VminForwardingSaveAsUpsGsdsTC\VminForwardingSaveAsUpsGsdsTC.csproj", "{95B8DE8A-57F5-4716-A6D4-93D8D04B2574}"
EndProject
Project("{9A19103F-16F7-4668-BE54-9A1E7A4F7556}") = "VminForwardingSaveAsUpsGsdsTC.UnitTest", "VminForwardingSaveAsUpsGsdsTC\VminForwardingSaveAsUpsGsdsTC.UnitTest\VminForwardingSaveAsUpsGsdsTC.UnitTest.csproj", "{617E2138-B6F0-4171-930E-833429A134BB}"
EndProject
Project("{9A19103F-16F7-4668-BE54-9A1E7A4F7556}") = "VminForwardingSaveFakeDataTC", "VminForwardingSaveFakeDataTC\VminForwardingSaveFakeDataTC\VminForwardingSaveFakeDataTC.csproj", "{0D6C40BE-51C6-4036-9A6A-795761C99868}"
EndProject
Project("{9A19103F-16F7-4668-BE54-9A1E7A4F7556}") = "VminForwardingSaveFakeDataTC.UnitTest", "VminForwardingSaveFakeDataTC\VminForwardingSaveFakeDataTC.UnitTest\VminForwardingSaveFakeDataTC.UnitTest.csproj", "{79F49AC4-2625-4F04-AB78-C4EBDF2348C5}"
EndProject
Project("{9A19103F-16F7-4668-BE54-9A1E7A4F7556}") = "VoltageConverterCallbacks", "VoltageConverterCallbacks\VoltageConverterCallbacks\VoltageConverterCallbacks.csproj", "{FE233339-F657-4919-9EF8-F019E21E84CB}"
EndProject
Project("{9A19103F-16F7-4668-BE54-9A1E7A4F7556}") = "VoltageConverterCallbacks.UnitTest", "VoltageConverterCallbacks\VoltageConverterCallbacks.UnitTest\VoltageConverterCallbacks.UnitTest.csproj", "{F23D65E5-5602-43EF-9C68-7EA38AA302C0}"
EndProject
Project("{9A19103F-16F7-4668-BE54-9A1E7A4F7556}") = "DebugCallbacks", "DebugCallbacks\DebugCallbacks\DebugCallbacks.csproj", "{32E0AD2A-400F-4077-A01A-12A577CF926A}"
EndProject
Project("{9A19103F-16F7-4668-BE54-9A1E7A4F7556}") = "DebugCallbacks.UnitTest", "DebugCallbacks\DebugCallbacks.UnitTest\DebugCallbacks.UnitTest.csproj", "{84ED35F9-8281-4A56-9CE6-56B0B96B6BB0}"
EndProject
Project("{2150E333-8FDC-42A3-9474-1A3956D46DE8}") = "UnitTesting", "UnitTesting", "{C9362FE3-6E51-4AA5-BAFA-D16171B8DF8F}"
EndProject
Project("{2150E333-8FDC-42A3-9474-1A3956D46DE8}") = "TestMethods", "TestMethods", "{3C615A6E-D106-41FD-B5E6-89030A96AB82}"
EndProject
Project("{9A19103F-16F7-4668-BE54-9A1E7A4F7556}") = "DfxTimingTuner", "DfxTimingTuner\DfxTimingTuner\DfxTimingTuner.csproj", "{28DB0EFA-32C6-4A60-A937-D64B1EB4E822}"
EndProject
Project("{9A19103F-16F7-4668-BE54-9A1E7A4F7556}") = "DfxTimingTuner.UnitTest", "DfxTimingTuner\DfxTimingTuner.UnitTest\DfxTimingTuner.UnitTest.csproj", "{CEEE5426-68D5-4ACE-824A-1EF431F45554}"
	ProjectSection(ProjectDependencies) = postProject
		{28DB0EFA-32C6-4A60-A937-D64B1EB4E822} = {28DB0EFA-32C6-4A60-A937-D64B1EB4E822}
	EndProjectSection
EndProject
Project("{9A19103F-16F7-4668-BE54-9A1E7A4F7556}") = "TosTriggersCallbacks", "TosTriggersCallbacks\TosTriggersCallbacks\TosTriggersCallbacks.csproj", "{CB19FF56-B01A-4B18-A9BA-F4E549DA0BC1}"
EndProject
Project("{9A19103F-16F7-4668-BE54-9A1E7A4F7556}") = "TosTriggersCallbacks.UnitTest", "TosTriggersCallbacks\TosTriggersCallbacks.UnitTest\TosTriggersCallbacks.UnitTest.csproj", "{ADA89313-459B-4629-93C7-CE3212DC0C11}"
EndProject
Project("{9A19103F-16F7-4668-BE54-9A1E7A4F7556}") = "UserCodeTC", "UserCodeTC\UserCodeTC\UserCodeTC.csproj", "{6E17F31F-0FCA-4B0F-A976-EB6A2A3A6A3A}"
EndProject
Project("{9A19103F-16F7-4668-BE54-9A1E7A4F7556}") = "UserCodeTC.UnitTest", "UserCodeTC\UserCodeTC.UnitTest\UserCodeTC.UnitTest.csproj", "{E31EF1B6-C06D-4B20-939A-7A5466234FC7}"
EndProject
Project("{9A19103F-16F7-4668-BE54-9A1E7A4F7556}") = "FunctionalShopsTC", "FunctionalShopsTC\FunctionalShopsTC\FunctionalShopsTC.csproj", "{56703C26-3716-47EA-AEC8-676668EB9E59}"
EndProject
Project("{9A19103F-16F7-4668-BE54-9A1E7A4F7556}") = "FunctionalShopsTC.UnitTest", "FunctionalShopsTC\FunctionalShopsTC.UnitTest\FunctionalShopsTC.UnitTest.csproj", "{5168E8C6-C004-4AD0-AEA2-62F0CBC065DB}"
EndProject
Project("{9A19103F-16F7-4668-BE54-9A1E7A4F7556}") = "FlowControlCallbacks", "FlowControlCallbacks\FlowControlCallbacks\FlowControlCallbacks.csproj", "{AE2D6221-1B43-4C4C-966D-EF750F564C0A}"
EndProject
Project("{9A19103F-16F7-4668-BE54-9A1E7A4F7556}") = "FlowControlCallbacks.UnitTest", "FlowControlCallbacks\FlowControlCallbacks.UnitTest\FlowControlCallbacks.UnitTest.csproj", "{1E666BC4-722E-49DB-A555-76F0A12C82BB}"
EndProject
Project("{9A19103F-16F7-4668-BE54-9A1E7A4F7556}") = "DDGShmooTC", "DDGShmooTC\DDGShmooTC\DDGShmooTC.csproj", "{ADDBE931-1524-4748-BAD9-048B8D05B0B9}"
EndProject
Project("{9A19103F-16F7-4668-BE54-9A1E7A4F7556}") = "DDGShmooTC.UnitTest", "DDGShmooTC\DDGShmooTC.UnitTest\DDGShmooTC.UnitTest.csproj", "{EA56CC8C-8735-43EB-B9E7-1E371409320F}"
EndProject
Project("{9A19103F-16F7-4668-BE54-9A1E7A4F7556}") = "PValTC", "PValTC\PValTC\PValTC.csproj", "{58BC9DA1-D19F-4726-85FE-E8F062CD37EE}"
EndProject
Project("{9A19103F-16F7-4668-BE54-9A1E7A4F7556}") = "PvalTC.UnitTest", "PValTC\PValTC.UnitTest\PvalTC.UnitTest.csproj", "{DF213A2A-9F50-4CB4-9EBF-61AB83843E72}"
EndProject
Project("{9A19103F-16F7-4668-BE54-9A1E7A4F7556}") = "RunCallback", "RunCallback\RunCallback\RunCallback.csproj", "{7641E483-E9AE-43BC-8BF8-10E3596C6294}"
EndProject
Project("{9A19103F-16F7-4668-BE54-9A1E7A4F7556}") = "RunCallback.UnitTest", "RunCallback\RunCallback.UnitTest\RunCallback.UnitTest.csproj", "{CFC397F9-5BCD-4F85-8A78-8C4B051D35B5}"
EndProject
Project("{9A19103F-16F7-4668-BE54-9A1E7A4F7556}") = "ImpactStudiesVmin", "DebugDV\ImpactStudiesVmin\ImpactStudiesVmin\ImpactStudiesVmin.csproj", "{CC61EFCF-DAAD-48F4-949B-06B8F0D2CACF}"
EndProject
Project("{9A19103F-16F7-4668-BE54-9A1E7A4F7556}") = "ImpactStudiesVmin.UnitTest", "DebugDV\ImpactStudiesVmin\ImpactStudiesVmin.UnitTest\ImpactStudiesVmin.UnitTest.csproj", "{7DCD7FB5-2860-436E-B69E-D0E3BE0AB5BB}"
EndProject
Project("{9A19103F-16F7-4668-BE54-9A1E7A4F7556}") = "PatternDelayOptimizer", "DebugDV\PatternDelayOptimizer\PatternDelayOptimizer\PatternDelayOptimizer.csproj", "{9DDFCEE7-5519-48C4-A357-71A51FD383E8}"
EndProject
Project("{9A19103F-16F7-4668-BE54-9A1E7A4F7556}") = "PatternDelayOptimizer.UnitTest", "DebugDV\PatternDelayOptimizer\PatternDelayOptimizer.UnitTest\PatternDelayOptimizer.UnitTest.csproj", "{A534747A-1A53-473D-AB95-1BF7A099E99C}"
EndProject
Project("{9A19103F-16F7-4668-BE54-9A1E7A4F7556}") = "ConcurrentPlistTracer", "DebugDV\ConcurrentPlistTracer\ConcurrentPlistTracer\ConcurrentPlistTracer.csproj", "{2706E5B5-2B10-47B8-9DBC-740AC765212E}"
EndProject
Project("{9A19103F-16F7-4668-BE54-9A1E7A4F7556}") = "ConcurrentPlistTracer.UnitTest", "DebugDV\ConcurrentPlistTracer\ConcurrentPlistTracer.UnitTest\ConcurrentPlistTracer.UnitTest.csproj", "{C17EF45E-4E73-410C-A968-F3761B4B050E}"
EndProject
Project("{9A19103F-16F7-4668-BE54-9A1E7A4F7556}") = "AuxiliaryTC", "AuxiliaryTC\AuxiliaryTC\AuxiliaryTC.csproj", "{3340220C-B2F8-41EA-AAE0-1D86F8B938B3}"
EndProject
Project("{9A19103F-16F7-4668-BE54-9A1E7A4F7556}") = "AuxiliaryTC.UnitTest", "AuxiliaryTC\AuxiliaryTC.UnitTest\AuxiliaryTC.UnitTest.csproj", "{D8D1C922-3AB9-49D4-8C12-9D091017BDBF}"
EndProject
Project("{9A19103F-16F7-4668-BE54-9A1E7A4F7556}") = "DDGCapturePacketsTC", "DDGCapturePacketsTC\DDGCapturePacketsTC\DDGCapturePacketsTC.csproj", "{A59A8E05-781B-41E1-9DB5-254D608F207C}"
EndProject
Project("{9A19103F-16F7-4668-BE54-9A1E7A4F7556}") = "DDGCapturePacketsTC.UnitTest", "DDGCapturePacketsTC\DDGCapturePacketsTC.UnitTest\DDGCapturePacketsTC.UnitTest.csproj", "{05D258CD-97A9-4109-B51C-7B2BFF3C8456}"
EndProject
Project("{9A19103F-16F7-4668-BE54-9A1E7A4F7556}") = "PupCallBacks", "PupCallBacks\PupCallBacks\PupCallBacks.csproj", "{0EDCC712-C5D6-46D7-B75E-2782F1C24941}"
EndProject
Project("{9A19103F-16F7-4668-BE54-9A1E7A4F7556}") = "PupCallbacks.UnitTest", "PupCallBacks\PupCallBacks.UnitTest\PupCallbacks.UnitTest.csproj", "{7F0F1CFD-E5ED-453F-A223-0250C94E0D4A}"
EndProject
Project("{9A19103F-16F7-4668-BE54-9A1E7A4F7556}") = "DDGTriggeredDC", "DDGTriggeredDC\DDGTriggeredDC\DDGTriggeredDC.csproj", "{2BE37120-A980-4599-B2D3-2B02CC62F2BF}"
EndProject
Project("{9A19103F-16F7-4668-BE54-9A1E7A4F7556}") = "DDGTriggeredDC.UnitTest", "DDGTriggeredDC\DDGTriggeredDC.UnitTest\DDGTriggeredDC.UnitTest.csproj", "{79C4A45F-B09E-403A-A818-DBAB5B8C820C}"
EndProject
Project("{9A19103F-16F7-4668-BE54-9A1E7A4F7556}") = "DDGFunctionalTC", "DDGFunctionalTC\DDGFunctionalTC\DDGFunctionalTC.csproj", "{86F9B66F-FD7D-4233-8A9D-E583D8251BF9}"
EndProject
Project("{9A19103F-16F7-4668-BE54-9A1E7A4F7556}") = "DDGFunctionalTC.UnitTest", "DDGFunctionalTC\DDGFunctionalTC.UnitTest\DDGFunctionalTC.UnitTest.csproj", "{1F247C52-51AD-420E-A26F-D0F69CEC2ED1}"
EndProject
Project("{9A19103F-16F7-4668-BE54-9A1E7A4F7556}") = "VminAggregatorTC", "VminAggregatorTC\VminAggregatorTC\VminAggregatorTC.csproj", "{7D29129A-0E4B-4C8B-91F7-090075FCCA4A}"
EndProject
Project("{9A19103F-16F7-4668-BE54-9A1E7A4F7556}") = "VminAggregatorTC.UnitTest", "VminAggregatorTC\VminAggregatorTC.UnitTest\VminAggregatorTC.UnitTest.csproj", "{D05439E9-73DC-4DB3-B141-AC0BEEAD7360}"
EndProject
Project("{9A19103F-16F7-4668-BE54-9A1E7A4F7556}") = "DynamicFuncTC", "DynamicFuncTC\DynamicFuncTC\DynamicFuncTC.csproj", "{18DF9052-57FF-4F26-86F0-2C22EDE0295E}"
EndProject
Project("{9A19103F-16F7-4668-BE54-9A1E7A4F7556}") = "DynamicFuncRestoreTC", "DynamicFuncRestoreTC\DynamicFuncRestoreTC\DynamicFuncRestoreTC.csproj", "{801C0B6C-DDD4-437A-A8B0-0DD4F108A83E}"
EndProject
Project("{9A19103F-16F7-4668-BE54-9A1E7A4F7556}") = "BackgroundPatConfig", "BackgroundPatConfig\BackgroundPatConfig\BackgroundPatConfig.csproj", "{326FDEA5-02E0-4F15-B04E-1650501E062F}"
EndProject
Project("{9A19103F-16F7-4668-BE54-9A1E7A4F7556}") = "BackgroundPatConfig.UnitTest", "BackgroundPatConfig\BackgroundPatConfig.UnitTest\BackgroundPatConfig.UnitTest.csproj", "{C9765D42-8B8F-4BD5-82CD-DD7DCF35F37B}"
EndProject
Project("{9A19103F-16F7-4668-BE54-9A1E7A4F7556}") = "OdeseBinConverterTC", "OdeseBinConverterTC\OdeseBinConverterTC\OdeseBinConverterTC.csproj", "{69529B3A-12B1-45FC-8390-6D25F4FE1742}"
EndProject
Project("{9A19103F-16F7-4668-BE54-9A1E7A4F7556}") = "OdeseBinConverterTC.UnitTest", "OdeseBinConverterTC\OdeseBinConverterTC.UnitTest\OdeseBinConverterTC.UnitTest.csproj", "{030064B5-FF6A-4946-9B7D-40874FB1CE8E}"
EndProject
Project("{9A19103F-16F7-4668-BE54-9A1E7A4F7556}") = "PatConfigTC", "PatConfigTC\PatConfigTC\PatConfigTC.csproj", "{17C66237-3BCA-4A6B-B9B0-ECAE5D74E6FC}"
EndProject
Project("{9A19103F-16F7-4668-BE54-9A1E7A4F7556}") = "PatConfigTC.UnitTest", "PatConfigTC\PatConfigTC.UnitTest\PatConfigTC.UnitTest.csproj", "{38006A35-715F-4481-B08C-257BAA15A459}"
EndProject
Global
	GlobalSection(SolutionConfigurationPlatforms) = preSolution
		Debug|Any CPU = Debug|Any CPU
		Release|Any CPU = Release|Any CPU
	EndGlobalSection
	GlobalSection(ProjectConfigurationPlatforms) = postSolution
		{33B1D461-2421-43F5-AB22-FDC2F0FDCE5F}.Debug|Any CPU.ActiveCfg = Debug|Any CPU
		{33B1D461-2421-43F5-AB22-FDC2F0FDCE5F}.Debug|Any CPU.Build.0 = Debug|Any CPU
		{33B1D461-2421-43F5-AB22-FDC2F0FDCE5F}.Release|Any CPU.ActiveCfg = Release|Any CPU
		{33B1D461-2421-43F5-AB22-FDC2F0FDCE5F}.Release|Any CPU.Build.0 = Release|Any CPU
		{F96E68D2-780C-4395-A058-E5300A6DB65F}.Debug|Any CPU.ActiveCfg = Debug|Any CPU
		{F96E68D2-780C-4395-A058-E5300A6DB65F}.Debug|Any CPU.Build.0 = Debug|Any CPU
		{F96E68D2-780C-4395-A058-E5300A6DB65F}.Release|Any CPU.ActiveCfg = Release|Any CPU
		{F96E68D2-780C-4395-A058-E5300A6DB65F}.Release|Any CPU.Build.0 = Release|Any CPU
		{E55F11DB-08AA-4F2C-A09F-E5100EC7E8BE}.Debug|Any CPU.ActiveCfg = Debug|Any CPU
		{E55F11DB-08AA-4F2C-A09F-E5100EC7E8BE}.Debug|Any CPU.Build.0 = Debug|Any CPU
		{E55F11DB-08AA-4F2C-A09F-E5100EC7E8BE}.Release|Any CPU.ActiveCfg = Release|Any CPU
		{E55F11DB-08AA-4F2C-A09F-E5100EC7E8BE}.Release|Any CPU.Build.0 = Release|Any CPU
		{B4CA875D-A969-4480-A836-89CB90C35870}.Debug|Any CPU.ActiveCfg = Debug|Any CPU
		{B4CA875D-A969-4480-A836-89CB90C35870}.Debug|Any CPU.Build.0 = Debug|Any CPU
		{B4CA875D-A969-4480-A836-89CB90C35870}.Release|Any CPU.ActiveCfg = Release|Any CPU
		{B4CA875D-A969-4480-A836-89CB90C35870}.Release|Any CPU.Build.0 = Release|Any CPU
		{05079EDE-BA61-4767-8D97-EBD9F738D924}.Debug|Any CPU.ActiveCfg = Debug|Any CPU
		{05079EDE-BA61-4767-8D97-EBD9F738D924}.Debug|Any CPU.Build.0 = Debug|Any CPU
		{05079EDE-BA61-4767-8D97-EBD9F738D924}.Release|Any CPU.ActiveCfg = Release|Any CPU
		{05079EDE-BA61-4767-8D97-EBD9F738D924}.Release|Any CPU.Build.0 = Release|Any CPU
		{79B0669A-9EEA-4905-8838-AF973DCBA509}.Debug|Any CPU.ActiveCfg = Debug|Any CPU
		{79B0669A-9EEA-4905-8838-AF973DCBA509}.Debug|Any CPU.Build.0 = Debug|Any CPU
		{79B0669A-9EEA-4905-8838-AF973DCBA509}.Release|Any CPU.ActiveCfg = Release|Any CPU
		{79B0669A-9EEA-4905-8838-AF973DCBA509}.Release|Any CPU.Build.0 = Release|Any CPU
		{ED2EAE68-E40D-40AC-83DB-7BA35EC62A4D}.Debug|Any CPU.ActiveCfg = Debug|Any CPU
		{ED2EAE68-E40D-40AC-83DB-7BA35EC62A4D}.Debug|Any CPU.Build.0 = Debug|Any CPU
		{ED2EAE68-E40D-40AC-83DB-7BA35EC62A4D}.Release|Any CPU.ActiveCfg = Release|Any CPU
		{ED2EAE68-E40D-40AC-83DB-7BA35EC62A4D}.Release|Any CPU.Build.0 = Release|Any CPU
		{754425B8-8F7C-46C3-8FC0-3CD18E13D4CF}.Debug|Any CPU.ActiveCfg = Debug|Any CPU
		{754425B8-8F7C-46C3-8FC0-3CD18E13D4CF}.Debug|Any CPU.Build.0 = Debug|Any CPU
		{754425B8-8F7C-46C3-8FC0-3CD18E13D4CF}.Release|Any CPU.ActiveCfg = Release|Any CPU
		{754425B8-8F7C-46C3-8FC0-3CD18E13D4CF}.Release|Any CPU.Build.0 = Release|Any CPU
		{6003F192-7EC2-479D-9823-1766F86690D3}.Debug|Any CPU.ActiveCfg = Debug|Any CPU
		{6003F192-7EC2-479D-9823-1766F86690D3}.Debug|Any CPU.Build.0 = Debug|Any CPU
		{6003F192-7EC2-479D-9823-1766F86690D3}.Release|Any CPU.ActiveCfg = Release|Any CPU
		{6003F192-7EC2-479D-9823-1766F86690D3}.Release|Any CPU.Build.0 = Release|Any CPU
		{B4EEA57D-F09F-4F5E-8398-2334964AA02C}.Debug|Any CPU.ActiveCfg = Debug|Any CPU
		{B4EEA57D-F09F-4F5E-8398-2334964AA02C}.Debug|Any CPU.Build.0 = Debug|Any CPU
		{B4EEA57D-F09F-4F5E-8398-2334964AA02C}.Release|Any CPU.ActiveCfg = Release|Any CPU
		{B4EEA57D-F09F-4F5E-8398-2334964AA02C}.Release|Any CPU.Build.0 = Release|Any CPU
		{A974A373-77D0-46EB-B822-C6DFA345B274}.Debug|Any CPU.ActiveCfg = Debug|Any CPU
		{A974A373-77D0-46EB-B822-C6DFA345B274}.Debug|Any CPU.Build.0 = Debug|Any CPU
		{A974A373-77D0-46EB-B822-C6DFA345B274}.Release|Any CPU.ActiveCfg = Release|Any CPU
		{A974A373-77D0-46EB-B822-C6DFA345B274}.Release|Any CPU.Build.0 = Release|Any CPU
		{C5F18B84-B4FB-428B-9693-F0C21F112970}.Debug|Any CPU.ActiveCfg = Debug|Any CPU
		{C5F18B84-B4FB-428B-9693-F0C21F112970}.Debug|Any CPU.Build.0 = Debug|Any CPU
		{C5F18B84-B4FB-428B-9693-F0C21F112970}.Release|Any CPU.ActiveCfg = Release|Any CPU
		{C5F18B84-B4FB-428B-9693-F0C21F112970}.Release|Any CPU.Build.0 = Release|Any CPU
		{6FBF1731-B903-4374-91D5-A81C8CC2AA8A}.Debug|Any CPU.ActiveCfg = Debug|Any CPU
		{6FBF1731-B903-4374-91D5-A81C8CC2AA8A}.Debug|Any CPU.Build.0 = Debug|Any CPU
		{6FBF1731-B903-4374-91D5-A81C8CC2AA8A}.Release|Any CPU.ActiveCfg = Release|Any CPU
		{6FBF1731-B903-4374-91D5-A81C8CC2AA8A}.Release|Any CPU.Build.0 = Release|Any CPU
		{77921EC6-9A10-4C6F-AFD3-CAED0685A4C8}.Debug|Any CPU.ActiveCfg = Debug|Any CPU
		{77921EC6-9A10-4C6F-AFD3-CAED0685A4C8}.Debug|Any CPU.Build.0 = Debug|Any CPU
		{77921EC6-9A10-4C6F-AFD3-CAED0685A4C8}.Release|Any CPU.ActiveCfg = Release|Any CPU
		{77921EC6-9A10-4C6F-AFD3-CAED0685A4C8}.Release|Any CPU.Build.0 = Release|Any CPU
		{B56454BA-09E9-4FE4-AF2B-5D06C5933D57}.Debug|Any CPU.ActiveCfg = Debug|Any CPU
		{B56454BA-09E9-4FE4-AF2B-5D06C5933D57}.Debug|Any CPU.Build.0 = Debug|Any CPU
		{B56454BA-09E9-4FE4-AF2B-5D06C5933D57}.Release|Any CPU.ActiveCfg = Release|Any CPU
		{B56454BA-09E9-4FE4-AF2B-5D06C5933D57}.Release|Any CPU.Build.0 = Release|Any CPU
		{C975CA15-BFB1-43E7-9B13-567A1B5C1F65}.Debug|Any CPU.ActiveCfg = Debug|Any CPU
		{C975CA15-BFB1-43E7-9B13-567A1B5C1F65}.Debug|Any CPU.Build.0 = Debug|Any CPU
		{C975CA15-BFB1-43E7-9B13-567A1B5C1F65}.Release|Any CPU.ActiveCfg = Release|Any CPU
		{C975CA15-BFB1-43E7-9B13-567A1B5C1F65}.Release|Any CPU.Build.0 = Release|Any CPU
		{AE1FDEB0-B65E-42BD-9D6D-D833F347F82C}.Debug|Any CPU.ActiveCfg = Debug|Any CPU
		{AE1FDEB0-B65E-42BD-9D6D-D833F347F82C}.Debug|Any CPU.Build.0 = Debug|Any CPU
		{AE1FDEB0-B65E-42BD-9D6D-D833F347F82C}.Release|Any CPU.ActiveCfg = Release|Any CPU
		{AE1FDEB0-B65E-42BD-9D6D-D833F347F82C}.Release|Any CPU.Build.0 = Release|Any CPU
		{E0E49299-28F6-4D54-B339-DF6F38C1720A}.Debug|Any CPU.ActiveCfg = Debug|Any CPU
		{E0E49299-28F6-4D54-B339-DF6F38C1720A}.Debug|Any CPU.Build.0 = Debug|Any CPU
		{E0E49299-28F6-4D54-B339-DF6F38C1720A}.Release|Any CPU.ActiveCfg = Release|Any CPU
		{E0E49299-28F6-4D54-B339-DF6F38C1720A}.Release|Any CPU.Build.0 = Release|Any CPU
		{95B8DE8A-57F5-4716-A6D4-93D8D04B2574}.Debug|Any CPU.ActiveCfg = Debug|Any CPU
		{95B8DE8A-57F5-4716-A6D4-93D8D04B2574}.Debug|Any CPU.Build.0 = Debug|Any CPU
		{95B8DE8A-57F5-4716-A6D4-93D8D04B2574}.Release|Any CPU.ActiveCfg = Release|Any CPU
		{95B8DE8A-57F5-4716-A6D4-93D8D04B2574}.Release|Any CPU.Build.0 = Release|Any CPU
		{617E2138-B6F0-4171-930E-833429A134BB}.Debug|Any CPU.ActiveCfg = Debug|Any CPU
		{617E2138-B6F0-4171-930E-833429A134BB}.Debug|Any CPU.Build.0 = Debug|Any CPU
		{617E2138-B6F0-4171-930E-833429A134BB}.Release|Any CPU.ActiveCfg = Release|Any CPU
		{617E2138-B6F0-4171-930E-833429A134BB}.Release|Any CPU.Build.0 = Release|Any CPU
		{0D6C40BE-51C6-4036-9A6A-795761C99868}.Debug|Any CPU.ActiveCfg = Debug|Any CPU
		{0D6C40BE-51C6-4036-9A6A-795761C99868}.Debug|Any CPU.Build.0 = Debug|Any CPU
		{0D6C40BE-51C6-4036-9A6A-795761C99868}.Release|Any CPU.ActiveCfg = Release|Any CPU
		{0D6C40BE-51C6-4036-9A6A-795761C99868}.Release|Any CPU.Build.0 = Release|Any CPU
		{79F49AC4-2625-4F04-AB78-C4EBDF2348C5}.Debug|Any CPU.ActiveCfg = Debug|Any CPU
		{79F49AC4-2625-4F04-AB78-C4EBDF2348C5}.Debug|Any CPU.Build.0 = Debug|Any CPU
		{79F49AC4-2625-4F04-AB78-C4EBDF2348C5}.Release|Any CPU.ActiveCfg = Release|Any CPU
		{79F49AC4-2625-4F04-AB78-C4EBDF2348C5}.Release|Any CPU.Build.0 = Release|Any CPU
		{FE233339-F657-4919-9EF8-F019E21E84CB}.Debug|Any CPU.ActiveCfg = Debug|Any CPU
		{FE233339-F657-4919-9EF8-F019E21E84CB}.Debug|Any CPU.Build.0 = Debug|Any CPU
		{FE233339-F657-4919-9EF8-F019E21E84CB}.Release|Any CPU.ActiveCfg = Release|Any CPU
		{FE233339-F657-4919-9EF8-F019E21E84CB}.Release|Any CPU.Build.0 = Release|Any CPU
		{F23D65E5-5602-43EF-9C68-7EA38AA302C0}.Debug|Any CPU.ActiveCfg = Debug|Any CPU
		{F23D65E5-5602-43EF-9C68-7EA38AA302C0}.Debug|Any CPU.Build.0 = Debug|Any CPU
		{F23D65E5-5602-43EF-9C68-7EA38AA302C0}.Release|Any CPU.ActiveCfg = Release|Any CPU
		{F23D65E5-5602-43EF-9C68-7EA38AA302C0}.Release|Any CPU.Build.0 = Release|Any CPU
		{32E0AD2A-400F-4077-A01A-12A577CF926A}.Debug|Any CPU.ActiveCfg = Debug|Any CPU
		{32E0AD2A-400F-4077-A01A-12A577CF926A}.Debug|Any CPU.Build.0 = Debug|Any CPU
		{32E0AD2A-400F-4077-A01A-12A577CF926A}.Release|Any CPU.ActiveCfg = Release|Any CPU
		{32E0AD2A-400F-4077-A01A-12A577CF926A}.Release|Any CPU.Build.0 = Release|Any CPU
		{84ED35F9-8281-4A56-9CE6-56B0B96B6BB0}.Debug|Any CPU.ActiveCfg = Debug|Any CPU
		{84ED35F9-8281-4A56-9CE6-56B0B96B6BB0}.Debug|Any CPU.Build.0 = Debug|Any CPU
		{84ED35F9-8281-4A56-9CE6-56B0B96B6BB0}.Release|Any CPU.ActiveCfg = Release|Any CPU
		{84ED35F9-8281-4A56-9CE6-56B0B96B6BB0}.Release|Any CPU.Build.0 = Release|Any CPU
		{28DB0EFA-32C6-4A60-A937-D64B1EB4E822}.Debug|Any CPU.ActiveCfg = Debug|Any CPU
		{28DB0EFA-32C6-4A60-A937-D64B1EB4E822}.Debug|Any CPU.Build.0 = Debug|Any CPU
		{28DB0EFA-32C6-4A60-A937-D64B1EB4E822}.Release|Any CPU.ActiveCfg = Release|Any CPU
		{28DB0EFA-32C6-4A60-A937-D64B1EB4E822}.Release|Any CPU.Build.0 = Release|Any CPU
		{CEEE5426-68D5-4ACE-824A-1EF431F45554}.Debug|Any CPU.ActiveCfg = Debug|Any CPU
		{CEEE5426-68D5-4ACE-824A-1EF431F45554}.Debug|Any CPU.Build.0 = Debug|Any CPU
		{CEEE5426-68D5-4ACE-824A-1EF431F45554}.Release|Any CPU.ActiveCfg = Release|Any CPU
		{CEEE5426-68D5-4ACE-824A-1EF431F45554}.Release|Any CPU.Build.0 = Release|Any CPU
		{CB19FF56-B01A-4B18-A9BA-F4E549DA0BC1}.Debug|Any CPU.ActiveCfg = Debug|Any CPU
		{CB19FF56-B01A-4B18-A9BA-F4E549DA0BC1}.Debug|Any CPU.Build.0 = Debug|Any CPU
		{CB19FF56-B01A-4B18-A9BA-F4E549DA0BC1}.Release|Any CPU.ActiveCfg = Release|Any CPU
		{CB19FF56-B01A-4B18-A9BA-F4E549DA0BC1}.Release|Any CPU.Build.0 = Release|Any CPU
		{ADA89313-459B-4629-93C7-CE3212DC0C11}.Debug|Any CPU.ActiveCfg = Debug|Any CPU
		{ADA89313-459B-4629-93C7-CE3212DC0C11}.Debug|Any CPU.Build.0 = Debug|Any CPU
		{ADA89313-459B-4629-93C7-CE3212DC0C11}.Release|Any CPU.ActiveCfg = Release|Any CPU
		{ADA89313-459B-4629-93C7-CE3212DC0C11}.Release|Any CPU.Build.0 = Release|Any CPU
		{6E17F31F-0FCA-4B0F-A976-EB6A2A3A6A3A}.Debug|Any CPU.ActiveCfg = Debug|Any CPU
		{6E17F31F-0FCA-4B0F-A976-EB6A2A3A6A3A}.Debug|Any CPU.Build.0 = Debug|Any CPU
		{6E17F31F-0FCA-4B0F-A976-EB6A2A3A6A3A}.Release|Any CPU.ActiveCfg = Release|Any CPU
		{6E17F31F-0FCA-4B0F-A976-EB6A2A3A6A3A}.Release|Any CPU.Build.0 = Release|Any CPU
		{E31EF1B6-C06D-4B20-939A-7A5466234FC7}.Debug|Any CPU.ActiveCfg = Debug|Any CPU
		{E31EF1B6-C06D-4B20-939A-7A5466234FC7}.Debug|Any CPU.Build.0 = Debug|Any CPU
		{E31EF1B6-C06D-4B20-939A-7A5466234FC7}.Release|Any CPU.ActiveCfg = Release|Any CPU
		{E31EF1B6-C06D-4B20-939A-7A5466234FC7}.Release|Any CPU.Build.0 = Release|Any CPU
		{56703C26-3716-47EA-AEC8-676668EB9E59}.Debug|Any CPU.ActiveCfg = Debug|Any CPU
		{56703C26-3716-47EA-AEC8-676668EB9E59}.Debug|Any CPU.Build.0 = Debug|Any CPU
		{56703C26-3716-47EA-AEC8-676668EB9E59}.Release|Any CPU.ActiveCfg = Release|Any CPU
		{56703C26-3716-47EA-AEC8-676668EB9E59}.Release|Any CPU.Build.0 = Release|Any CPU
		{5168E8C6-C004-4AD0-AEA2-62F0CBC065DB}.Debug|Any CPU.ActiveCfg = Debug|Any CPU
		{5168E8C6-C004-4AD0-AEA2-62F0CBC065DB}.Debug|Any CPU.Build.0 = Debug|Any CPU
		{5168E8C6-C004-4AD0-AEA2-62F0CBC065DB}.Release|Any CPU.ActiveCfg = Release|Any CPU
		{5168E8C6-C004-4AD0-AEA2-62F0CBC065DB}.Release|Any CPU.Build.0 = Release|Any CPU
		{AE2D6221-1B43-4C4C-966D-EF750F564C0A}.Debug|Any CPU.ActiveCfg = Debug|Any CPU
		{AE2D6221-1B43-4C4C-966D-EF750F564C0A}.Debug|Any CPU.Build.0 = Debug|Any CPU
		{AE2D6221-1B43-4C4C-966D-EF750F564C0A}.Release|Any CPU.ActiveCfg = Release|Any CPU
		{AE2D6221-1B43-4C4C-966D-EF750F564C0A}.Release|Any CPU.Build.0 = Release|Any CPU
		{1E666BC4-722E-49DB-A555-76F0A12C82BB}.Debug|Any CPU.ActiveCfg = Debug|Any CPU
		{1E666BC4-722E-49DB-A555-76F0A12C82BB}.Debug|Any CPU.Build.0 = Debug|Any CPU
		{1E666BC4-722E-49DB-A555-76F0A12C82BB}.Release|Any CPU.ActiveCfg = Release|Any CPU
		{1E666BC4-722E-49DB-A555-76F0A12C82BB}.Release|Any CPU.Build.0 = Release|Any CPU
		{ADDBE931-1524-4748-BAD9-048B8D05B0B9}.Debug|Any CPU.ActiveCfg = Debug|Any CPU
		{ADDBE931-1524-4748-BAD9-048B8D05B0B9}.Debug|Any CPU.Build.0 = Debug|Any CPU
		{ADDBE931-1524-4748-BAD9-048B8D05B0B9}.Release|Any CPU.ActiveCfg = Release|Any CPU
		{ADDBE931-1524-4748-BAD9-048B8D05B0B9}.Release|Any CPU.Build.0 = Release|Any CPU
		{EA56CC8C-8735-43EB-B9E7-1E371409320F}.Debug|Any CPU.ActiveCfg = Debug|Any CPU
		{EA56CC8C-8735-43EB-B9E7-1E371409320F}.Debug|Any CPU.Build.0 = Debug|Any CPU
		{EA56CC8C-8735-43EB-B9E7-1E371409320F}.Release|Any CPU.ActiveCfg = Release|Any CPU
		{EA56CC8C-8735-43EB-B9E7-1E371409320F}.Release|Any CPU.Build.0 = Release|Any CPU
		{58BC9DA1-D19F-4726-85FE-E8F062CD37EE}.Debug|Any CPU.ActiveCfg = Debug|Any CPU
		{58BC9DA1-D19F-4726-85FE-E8F062CD37EE}.Debug|Any CPU.Build.0 = Debug|Any CPU
		{58BC9DA1-D19F-4726-85FE-E8F062CD37EE}.Release|Any CPU.ActiveCfg = Release|Any CPU
		{58BC9DA1-D19F-4726-85FE-E8F062CD37EE}.Release|Any CPU.Build.0 = Release|Any CPU
		{DF213A2A-9F50-4CB4-9EBF-61AB83843E72}.Debug|Any CPU.ActiveCfg = Debug|Any CPU
		{DF213A2A-9F50-4CB4-9EBF-61AB83843E72}.Debug|Any CPU.Build.0 = Debug|Any CPU
		{DF213A2A-9F50-4CB4-9EBF-61AB83843E72}.Release|Any CPU.ActiveCfg = Release|Any CPU
		{DF213A2A-9F50-4CB4-9EBF-61AB83843E72}.Release|Any CPU.Build.0 = Release|Any CPU
		{7641E483-E9AE-43BC-8BF8-10E3596C6294}.Debug|Any CPU.ActiveCfg = Debug|Any CPU
		{7641E483-E9AE-43BC-8BF8-10E3596C6294}.Debug|Any CPU.Build.0 = Debug|Any CPU
		{7641E483-E9AE-43BC-8BF8-10E3596C6294}.Release|Any CPU.ActiveCfg = Release|Any CPU
		{7641E483-E9AE-43BC-8BF8-10E3596C6294}.Release|Any CPU.Build.0 = Release|Any CPU
		{CFC397F9-5BCD-4F85-8A78-8C4B051D35B5}.Debug|Any CPU.ActiveCfg = Debug|Any CPU
		{CFC397F9-5BCD-4F85-8A78-8C4B051D35B5}.Debug|Any CPU.Build.0 = Debug|Any CPU
		{CFC397F9-5BCD-4F85-8A78-8C4B051D35B5}.Release|Any CPU.ActiveCfg = Release|Any CPU
		{CFC397F9-5BCD-4F85-8A78-8C4B051D35B5}.Release|Any CPU.Build.0 = Release|Any CPU
		{CC61EFCF-DAAD-48F4-949B-06B8F0D2CACF}.Debug|Any CPU.ActiveCfg = Debug|Any CPU
		{CC61EFCF-DAAD-48F4-949B-06B8F0D2CACF}.Debug|Any CPU.Build.0 = Debug|Any CPU
		{CC61EFCF-DAAD-48F4-949B-06B8F0D2CACF}.Release|Any CPU.ActiveCfg = Release|Any CPU
		{CC61EFCF-DAAD-48F4-949B-06B8F0D2CACF}.Release|Any CPU.Build.0 = Release|Any CPU
		{7DCD7FB5-2860-436E-B69E-D0E3BE0AB5BB}.Debug|Any CPU.ActiveCfg = Debug|Any CPU
		{7DCD7FB5-2860-436E-B69E-D0E3BE0AB5BB}.Debug|Any CPU.Build.0 = Debug|Any CPU
		{7DCD7FB5-2860-436E-B69E-D0E3BE0AB5BB}.Release|Any CPU.ActiveCfg = Release|Any CPU
		{7DCD7FB5-2860-436E-B69E-D0E3BE0AB5BB}.Release|Any CPU.Build.0 = Release|Any CPU
		{9DDFCEE7-5519-48C4-A357-71A51FD383E8}.Debug|Any CPU.ActiveCfg = Debug|Any CPU
		{9DDFCEE7-5519-48C4-A357-71A51FD383E8}.Debug|Any CPU.Build.0 = Debug|Any CPU
		{9DDFCEE7-5519-48C4-A357-71A51FD383E8}.Release|Any CPU.ActiveCfg = Release|Any CPU
		{9DDFCEE7-5519-48C4-A357-71A51FD383E8}.Release|Any CPU.Build.0 = Release|Any CPU
		{A534747A-1A53-473D-AB95-1BF7A099E99C}.Debug|Any CPU.ActiveCfg = Debug|Any CPU
		{A534747A-1A53-473D-AB95-1BF7A099E99C}.Debug|Any CPU.Build.0 = Debug|Any CPU
		{A534747A-1A53-473D-AB95-1BF7A099E99C}.Release|Any CPU.ActiveCfg = Release|Any CPU
		{A534747A-1A53-473D-AB95-1BF7A099E99C}.Release|Any CPU.Build.0 = Release|Any CPU
		{2706E5B5-2B10-47B8-9DBC-740AC765212E}.Debug|Any CPU.ActiveCfg = Debug|Any CPU
		{2706E5B5-2B10-47B8-9DBC-740AC765212E}.Debug|Any CPU.Build.0 = Debug|Any CPU
		{2706E5B5-2B10-47B8-9DBC-740AC765212E}.Release|Any CPU.ActiveCfg = Release|Any CPU
		{2706E5B5-2B10-47B8-9DBC-740AC765212E}.Release|Any CPU.Build.0 = Release|Any CPU
		{C17EF45E-4E73-410C-A968-F3761B4B050E}.Debug|Any CPU.ActiveCfg = Debug|Any CPU
		{C17EF45E-4E73-410C-A968-F3761B4B050E}.Debug|Any CPU.Build.0 = Debug|Any CPU
		{C17EF45E-4E73-410C-A968-F3761B4B050E}.Release|Any CPU.ActiveCfg = Release|Any CPU
		{C17EF45E-4E73-410C-A968-F3761B4B050E}.Release|Any CPU.Build.0 = Release|Any CPU
		{3340220C-B2F8-41EA-AAE0-1D86F8B938B3}.Debug|Any CPU.ActiveCfg = Debug|Any CPU
		{3340220C-B2F8-41EA-AAE0-1D86F8B938B3}.Debug|Any CPU.Build.0 = Debug|Any CPU
		{3340220C-B2F8-41EA-AAE0-1D86F8B938B3}.Release|Any CPU.ActiveCfg = Release|Any CPU
		{3340220C-B2F8-41EA-AAE0-1D86F8B938B3}.Release|Any CPU.Build.0 = Release|Any CPU
		{D8D1C922-3AB9-49D4-8C12-9D091017BDBF}.Debug|Any CPU.ActiveCfg = Debug|Any CPU
		{D8D1C922-3AB9-49D4-8C12-9D091017BDBF}.Debug|Any CPU.Build.0 = Debug|Any CPU
		{D8D1C922-3AB9-49D4-8C12-9D091017BDBF}.Release|Any CPU.ActiveCfg = Release|Any CPU
		{D8D1C922-3AB9-49D4-8C12-9D091017BDBF}.Release|Any CPU.Build.0 = Release|Any CPU
		{A59A8E05-781B-41E1-9DB5-254D608F207C}.Debug|Any CPU.ActiveCfg = Debug|Any CPU
		{A59A8E05-781B-41E1-9DB5-254D608F207C}.Debug|Any CPU.Build.0 = Debug|Any CPU
		{A59A8E05-781B-41E1-9DB5-254D608F207C}.Release|Any CPU.ActiveCfg = Release|Any CPU
		{A59A8E05-781B-41E1-9DB5-254D608F207C}.Release|Any CPU.Build.0 = Release|Any CPU
		{05D258CD-97A9-4109-B51C-7B2BFF3C8456}.Debug|Any CPU.ActiveCfg = Debug|Any CPU
		{05D258CD-97A9-4109-B51C-7B2BFF3C8456}.Debug|Any CPU.Build.0 = Debug|Any CPU
		{05D258CD-97A9-4109-B51C-7B2BFF3C8456}.Release|Any CPU.ActiveCfg = Release|Any CPU
		{05D258CD-97A9-4109-B51C-7B2BFF3C8456}.Release|Any CPU.Build.0 = Release|Any CPU
		{0EDCC712-C5D6-46D7-B75E-2782F1C24941}.Debug|Any CPU.ActiveCfg = Debug|Any CPU
		{0EDCC712-C5D6-46D7-B75E-2782F1C24941}.Debug|Any CPU.Build.0 = Debug|Any CPU
		{0EDCC712-C5D6-46D7-B75E-2782F1C24941}.Release|Any CPU.ActiveCfg = Release|Any CPU
		{0EDCC712-C5D6-46D7-B75E-2782F1C24941}.Release|Any CPU.Build.0 = Release|Any CPU
		{7F0F1CFD-E5ED-453F-A223-0250C94E0D4A}.Debug|Any CPU.ActiveCfg = Debug|Any CPU
		{7F0F1CFD-E5ED-453F-A223-0250C94E0D4A}.Debug|Any CPU.Build.0 = Debug|Any CPU
		{7F0F1CFD-E5ED-453F-A223-0250C94E0D4A}.Release|Any CPU.ActiveCfg = Release|Any CPU
		{7F0F1CFD-E5ED-453F-A223-0250C94E0D4A}.Release|Any CPU.Build.0 = Release|Any CPU
		{2BE37120-A980-4599-B2D3-2B02CC62F2BF}.Debug|Any CPU.ActiveCfg = Debug|Any CPU
		{2BE37120-A980-4599-B2D3-2B02CC62F2BF}.Debug|Any CPU.Build.0 = Debug|Any CPU
		{2BE37120-A980-4599-B2D3-2B02CC62F2BF}.Release|Any CPU.ActiveCfg = Release|Any CPU
		{2BE37120-A980-4599-B2D3-2B02CC62F2BF}.Release|Any CPU.Build.0 = Release|Any CPU
		{79C4A45F-B09E-403A-A818-DBAB5B8C820C}.Debug|Any CPU.ActiveCfg = Debug|Any CPU
		{79C4A45F-B09E-403A-A818-DBAB5B8C820C}.Debug|Any CPU.Build.0 = Debug|Any CPU
		{79C4A45F-B09E-403A-A818-DBAB5B8C820C}.Release|Any CPU.ActiveCfg = Release|Any CPU
		{79C4A45F-B09E-403A-A818-DBAB5B8C820C}.Release|Any CPU.Build.0 = Release|Any CPU
		{86F9B66F-FD7D-4233-8A9D-E583D8251BF9}.Debug|Any CPU.ActiveCfg = Debug|Any CPU
		{86F9B66F-FD7D-4233-8A9D-E583D8251BF9}.Debug|Any CPU.Build.0 = Debug|Any CPU
		{86F9B66F-FD7D-4233-8A9D-E583D8251BF9}.Release|Any CPU.ActiveCfg = Release|Any CPU
		{86F9B66F-FD7D-4233-8A9D-E583D8251BF9}.Release|Any CPU.Build.0 = Release|Any CPU
		{1F247C52-51AD-420E-A26F-D0F69CEC2ED1}.Debug|Any CPU.ActiveCfg = Debug|Any CPU
		{1F247C52-51AD-420E-A26F-D0F69CEC2ED1}.Debug|Any CPU.Build.0 = Debug|Any CPU
		{1F247C52-51AD-420E-A26F-D0F69CEC2ED1}.Release|Any CPU.ActiveCfg = Release|Any CPU
		{1F247C52-51AD-420E-A26F-D0F69CEC2ED1}.Release|Any CPU.Build.0 = Release|Any CPU
		{7D29129A-0E4B-4C8B-91F7-090075FCCA4A}.Debug|Any CPU.ActiveCfg = Debug|Any CPU
		{7D29129A-0E4B-4C8B-91F7-090075FCCA4A}.Debug|Any CPU.Build.0 = Debug|Any CPU
		{7D29129A-0E4B-4C8B-91F7-090075FCCA4A}.Release|Any CPU.ActiveCfg = Release|Any CPU
		{7D29129A-0E4B-4C8B-91F7-090075FCCA4A}.Release|Any CPU.Build.0 = Release|Any CPU
		{D05439E9-73DC-4DB3-B141-AC0BEEAD7360}.Debug|Any CPU.ActiveCfg = Debug|Any CPU
		{D05439E9-73DC-4DB3-B141-AC0BEEAD7360}.Debug|Any CPU.Build.0 = Debug|Any CPU
		{D05439E9-73DC-4DB3-B141-AC0BEEAD7360}.Release|Any CPU.ActiveCfg = Release|Any CPU
		{D05439E9-73DC-4DB3-B141-AC0BEEAD7360}.Release|Any CPU.Build.0 = Release|Any CPU
		{18DF9052-57FF-4F26-86F0-2C22EDE0295E}.Debug|Any CPU.ActiveCfg = Debug|Any CPU
		{18DF9052-57FF-4F26-86F0-2C22EDE0295E}.Debug|Any CPU.Build.0 = Debug|Any CPU
		{18DF9052-57FF-4F26-86F0-2C22EDE0295E}.Release|Any CPU.ActiveCfg = Release|Any CPU
		{18DF9052-57FF-4F26-86F0-2C22EDE0295E}.Release|Any CPU.Build.0 = Release|Any CPU
		{801C0B6C-DDD4-437A-A8B0-0DD4F108A83E}.Debug|Any CPU.ActiveCfg = Debug|Any CPU
		{801C0B6C-DDD4-437A-A8B0-0DD4F108A83E}.Debug|Any CPU.Build.0 = Debug|Any CPU
		{801C0B6C-DDD4-437A-A8B0-0DD4F108A83E}.Release|Any CPU.ActiveCfg = Release|Any CPU
		{801C0B6C-DDD4-437A-A8B0-0DD4F108A83E}.Release|Any CPU.Build.0 = Release|Any CPU
		{326FDEA5-02E0-4F15-B04E-1650501E062F}.Debug|Any CPU.ActiveCfg = Debug|Any CPU
		{326FDEA5-02E0-4F15-B04E-1650501E062F}.Debug|Any CPU.Build.0 = Debug|Any CPU
		{326FDEA5-02E0-4F15-B04E-1650501E062F}.Release|Any CPU.ActiveCfg = Release|Any CPU
		{326FDEA5-02E0-4F15-B04E-1650501E062F}.Release|Any CPU.Build.0 = Release|Any CPU
		{C9765D42-8B8F-4BD5-82CD-DD7DCF35F37B}.Debug|Any CPU.ActiveCfg = Debug|Any CPU
		{C9765D42-8B8F-4BD5-82CD-DD7DCF35F37B}.Debug|Any CPU.Build.0 = Debug|Any CPU
		{C9765D42-8B8F-4BD5-82CD-DD7DCF35F37B}.Release|Any CPU.ActiveCfg = Release|Any CPU
		{C9765D42-8B8F-4BD5-82CD-DD7DCF35F37B}.Release|Any CPU.Build.0 = Release|Any CPU
		{69529B3A-12B1-45FC-8390-6D25F4FE1742}.Debug|Any CPU.ActiveCfg = Debug|Any CPU
		{69529B3A-12B1-45FC-8390-6D25F4FE1742}.Debug|Any CPU.Build.0 = Debug|Any CPU
		{69529B3A-12B1-45FC-8390-6D25F4FE1742}.Release|Any CPU.ActiveCfg = Release|Any CPU
		{69529B3A-12B1-45FC-8390-6D25F4FE1742}.Release|Any CPU.Build.0 = Release|Any CPU
		{030064B5-FF6A-4946-9B7D-40874FB1CE8E}.Debug|Any CPU.ActiveCfg = Debug|Any CPU
		{030064B5-FF6A-4946-9B7D-40874FB1CE8E}.Debug|Any CPU.Build.0 = Debug|Any CPU
		{030064B5-FF6A-4946-9B7D-40874FB1CE8E}.Release|Any CPU.ActiveCfg = Release|Any CPU
		{030064B5-FF6A-4946-9B7D-40874FB1CE8E}.Release|Any CPU.Build.0 = Release|Any CPU
		{17C66237-3BCA-4A6B-B9B0-ECAE5D74E6FC}.Debug|Any CPU.ActiveCfg = Debug|Any CPU
		{17C66237-3BCA-4A6B-B9B0-ECAE5D74E6FC}.Debug|Any CPU.Build.0 = Debug|Any CPU
		{17C66237-3BCA-4A6B-B9B0-ECAE5D74E6FC}.Release|Any CPU.ActiveCfg = Release|Any CPU
		{17C66237-3BCA-4A6B-B9B0-ECAE5D74E6FC}.Release|Any CPU.Build.0 = Release|Any CPU
		{38006A35-715F-4481-B08C-257BAA15A459}.Debug|Any CPU.ActiveCfg = Debug|Any CPU
		{38006A35-715F-4481-B08C-257BAA15A459}.Debug|Any CPU.Build.0 = Debug|Any CPU
		{38006A35-715F-4481-B08C-257BAA15A459}.Release|Any CPU.ActiveCfg = Release|Any CPU
		{38006A35-715F-4481-B08C-257BAA15A459}.Release|Any CPU.Build.0 = Release|Any CPU
	EndGlobalSection
	GlobalSection(SolutionProperties) = preSolution
		HideSolutionNode = FALSE
	EndGlobalSection
	GlobalSection(NestedProjects) = preSolution
		{33B1D461-2421-43F5-AB22-FDC2F0FDCE5F} = {3C615A6E-D106-41FD-B5E6-89030A96AB82}
		{F96E68D2-780C-4395-A058-E5300A6DB65F} = {C9362FE3-6E51-4AA5-BAFA-D16171B8DF8F}
		{E55F11DB-08AA-4F2C-A09F-E5100EC7E8BE} = {3C615A6E-D106-41FD-B5E6-89030A96AB82}
		{B4CA875D-A969-4480-A836-89CB90C35870} = {C9362FE3-6E51-4AA5-BAFA-D16171B8DF8F}
		{05079EDE-BA61-4767-8D97-EBD9F738D924} = {3C615A6E-D106-41FD-B5E6-89030A96AB82}
		{79B0669A-9EEA-4905-8838-AF973DCBA509} = {C9362FE3-6E51-4AA5-BAFA-D16171B8DF8F}
		{ED2EAE68-E40D-40AC-83DB-7BA35EC62A4D} = {3C615A6E-D106-41FD-B5E6-89030A96AB82}
		{754425B8-8F7C-46C3-8FC0-3CD18E13D4CF} = {C9362FE3-6E51-4AA5-BAFA-D16171B8DF8F}
		{6003F192-7EC2-479D-9823-1766F86690D3} = {3C615A6E-D106-41FD-B5E6-89030A96AB82}
		{B4EEA57D-F09F-4F5E-8398-2334964AA02C} = {C9362FE3-6E51-4AA5-BAFA-D16171B8DF8F}
		{A974A373-77D0-46EB-B822-C6DFA345B274} = {3C615A6E-D106-41FD-B5E6-89030A96AB82}
		{C5F18B84-B4FB-428B-9693-F0C21F112970} = {C9362FE3-6E51-4AA5-BAFA-D16171B8DF8F}
		{6FBF1731-B903-4374-91D5-A81C8CC2AA8A} = {3C615A6E-D106-41FD-B5E6-89030A96AB82}
		{77921EC6-9A10-4C6F-AFD3-CAED0685A4C8} = {C9362FE3-6E51-4AA5-BAFA-D16171B8DF8F}
		{B56454BA-09E9-4FE4-AF2B-5D06C5933D57} = {3C615A6E-D106-41FD-B5E6-89030A96AB82}
		{C975CA15-BFB1-43E7-9B13-567A1B5C1F65} = {C9362FE3-6E51-4AA5-BAFA-D16171B8DF8F}
		{AE1FDEB0-B65E-42BD-9D6D-D833F347F82C} = {3C615A6E-D106-41FD-B5E6-89030A96AB82}
		{E0E49299-28F6-4D54-B339-DF6F38C1720A} = {C9362FE3-6E51-4AA5-BAFA-D16171B8DF8F}
		{95B8DE8A-57F5-4716-A6D4-93D8D04B2574} = {3C615A6E-D106-41FD-B5E6-89030A96AB82}
		{617E2138-B6F0-4171-930E-833429A134BB} = {C9362FE3-6E51-4AA5-BAFA-D16171B8DF8F}
		{0D6C40BE-51C6-4036-9A6A-795761C99868} = {3C615A6E-D106-41FD-B5E6-89030A96AB82}
		{79F49AC4-2625-4F04-AB78-C4EBDF2348C5} = {C9362FE3-6E51-4AA5-BAFA-D16171B8DF8F}
		{FE233339-F657-4919-9EF8-F019E21E84CB} = {3C615A6E-D106-41FD-B5E6-89030A96AB82}
		{F23D65E5-5602-43EF-9C68-7EA38AA302C0} = {C9362FE3-6E51-4AA5-BAFA-D16171B8DF8F}
		{32E0AD2A-400F-4077-A01A-12A577CF926A} = {3C615A6E-D106-41FD-B5E6-89030A96AB82}
		{84ED35F9-8281-4A56-9CE6-56B0B96B6BB0} = {C9362FE3-6E51-4AA5-BAFA-D16171B8DF8F}
		{28DB0EFA-32C6-4A60-A937-D64B1EB4E822} = {3C615A6E-D106-41FD-B5E6-89030A96AB82}
		{CEEE5426-68D5-4ACE-824A-1EF431F45554} = {C9362FE3-6E51-4AA5-BAFA-D16171B8DF8F}
		{CB19FF56-B01A-4B18-A9BA-F4E549DA0BC1} = {3C615A6E-D106-41FD-B5E6-89030A96AB82}
		{ADA89313-459B-4629-93C7-CE3212DC0C11} = {C9362FE3-6E51-4AA5-BAFA-D16171B8DF8F}
		{6E17F31F-0FCA-4B0F-A976-EB6A2A3A6A3A} = {3C615A6E-D106-41FD-B5E6-89030A96AB82}
		{E31EF1B6-C06D-4B20-939A-7A5466234FC7} = {C9362FE3-6E51-4AA5-BAFA-D16171B8DF8F}
		{56703C26-3716-47EA-AEC8-676668EB9E59} = {3C615A6E-D106-41FD-B5E6-89030A96AB82}
		{5168E8C6-C004-4AD0-AEA2-62F0CBC065DB} = {C9362FE3-6E51-4AA5-BAFA-D16171B8DF8F}
		{AE2D6221-1B43-4C4C-966D-EF750F564C0A} = {3C615A6E-D106-41FD-B5E6-89030A96AB82}
		{1E666BC4-722E-49DB-A555-76F0A12C82BB} = {C9362FE3-6E51-4AA5-BAFA-D16171B8DF8F}
		{ADDBE931-1524-4748-BAD9-048B8D05B0B9} = {3C615A6E-D106-41FD-B5E6-89030A96AB82}
		{EA56CC8C-8735-43EB-B9E7-1E371409320F} = {C9362FE3-6E51-4AA5-BAFA-D16171B8DF8F}
		{58BC9DA1-D19F-4726-85FE-E8F062CD37EE} = {3C615A6E-D106-41FD-B5E6-89030A96AB82}
		{DF213A2A-9F50-4CB4-9EBF-61AB83843E72} = {C9362FE3-6E51-4AA5-BAFA-D16171B8DF8F}
		{7641E483-E9AE-43BC-8BF8-10E3596C6294} = {3C615A6E-D106-41FD-B5E6-89030A96AB82}
		{CFC397F9-5BCD-4F85-8A78-8C4B051D35B5} = {C9362FE3-6E51-4AA5-BAFA-D16171B8DF8F}
		{CC61EFCF-DAAD-48F4-949B-06B8F0D2CACF} = {3C615A6E-D106-41FD-B5E6-89030A96AB82}
		{7DCD7FB5-2860-436E-B69E-D0E3BE0AB5BB} = {C9362FE3-6E51-4AA5-BAFA-D16171B8DF8F}
		{9DDFCEE7-5519-48C4-A357-71A51FD383E8} = {3C615A6E-D106-41FD-B5E6-89030A96AB82}
		{A534747A-1A53-473D-AB95-1BF7A099E99C} = {C9362FE3-6E51-4AA5-BAFA-D16171B8DF8F}
		{2706E5B5-2B10-47B8-9DBC-740AC765212E} = {3C615A6E-D106-41FD-B5E6-89030A96AB82}
		{C17EF45E-4E73-410C-A968-F3761B4B050E} = {C9362FE3-6E51-4AA5-BAFA-D16171B8DF8F}
		{3340220C-B2F8-41EA-AAE0-1D86F8B938B3} = {3C615A6E-D106-41FD-B5E6-89030A96AB82}
		{D8D1C922-3AB9-49D4-8C12-9D091017BDBF} = {C9362FE3-6E51-4AA5-BAFA-D16171B8DF8F}
		{A59A8E05-781B-41E1-9DB5-254D608F207C} = {3C615A6E-D106-41FD-B5E6-89030A96AB82}
		{05D258CD-97A9-4109-B51C-7B2BFF3C8456} = {C9362FE3-6E51-4AA5-BAFA-D16171B8DF8F}
		{0EDCC712-C5D6-46D7-B75E-2782F1C24941} = {3C615A6E-D106-41FD-B5E6-89030A96AB82}
		{7F0F1CFD-E5ED-453F-A223-0250C94E0D4A} = {C9362FE3-6E51-4AA5-BAFA-D16171B8DF8F}
		{2BE37120-A980-4599-B2D3-2B02CC62F2BF} = {3C615A6E-D106-41FD-B5E6-89030A96AB82}
		{79C4A45F-B09E-403A-A818-DBAB5B8C820C} = {C9362FE3-6E51-4AA5-BAFA-D16171B8DF8F}
		{86F9B66F-FD7D-4233-8A9D-E583D8251BF9} = {3C615A6E-D106-41FD-B5E6-89030A96AB82}
		{1F247C52-51AD-420E-A26F-D0F69CEC2ED1} = {C9362FE3-6E51-4AA5-BAFA-D16171B8DF8F}
		{7D29129A-0E4B-4C8B-91F7-090075FCCA4A} = {3C615A6E-D106-41FD-B5E6-89030A96AB82}
		{D05439E9-73DC-4DB3-B141-AC0BEEAD7360} = {C9362FE3-6E51-4AA5-BAFA-D16171B8DF8F}
		{18DF9052-57FF-4F26-86F0-2C22EDE0295E} = {3C615A6E-D106-41FD-B5E6-89030A96AB82}
		{801C0B6C-DDD4-437A-A8B0-0DD4F108A83E} = {3C615A6E-D106-41FD-B5E6-89030A96AB82}
		{326FDEA5-02E0-4F15-B04E-1650501E062F} = {3C615A6E-D106-41FD-B5E6-89030A96AB82}
		{C9765D42-8B8F-4BD5-82CD-DD7DCF35F37B} = {C9362FE3-6E51-4AA5-BAFA-D16171B8DF8F}
		{69529B3A-12B1-45FC-8390-6D25F4FE1742} = {3C615A6E-D106-41FD-B5E6-89030A96AB82}
		{030064B5-FF6A-4946-9B7D-40874FB1CE8E} = {C9362FE3-6E51-4AA5-BAFA-D16171B8DF8F}
		{17C66237-3BCA-4A6B-B9B0-ECAE5D74E6FC} = {3C615A6E-D106-41FD-B5E6-89030A96AB82}
		{38006A35-715F-4481-B08C-257BAA15A459} = {C9362FE3-6E51-4AA5-BAFA-D16171B8DF8F}
	EndGlobalSection
	GlobalSection(ExtensibilityGlobals) = postSolution
		SolutionGuid = {96D28F69-071E-4684-A10B-76274EFA0497}
	EndGlobalSection
EndGlobal
