
Microsoft Visual Studio Solution File, Format Version 12.00
# Visual Studio Version 16
VisualStudioVersion = 16.0.32106.194
MinimumVisualStudioVersion = 10.0.40219.1
Project("{2150E333-8FDC-42A3-9474-1A3956D46DE8}") = "UnitTesting", "UnitTesting", "{C9362FE3-6E51-4AA5-BAFA-D16171B8DF8F}"
EndProject
Project("{2150E333-8FDC-42A3-9474-1A3956D46DE8}") = "TestMethods", "TestMethods", "{3C615A6E-D106-41FD-B5E6-89030A96AB82}"
EndProject
Project("{9A19103F-16F7-4668-BE54-9A1E7A4F7556}") = "LSARasterTC", "ARR_LSARaster\ARR_LSARaster\LSARasterTC.csproj", "{F660BA16-DD5C-4938-8CFE-44C662062283}"
EndProject
Project("{9A19103F-16F7-4668-BE54-9A1E7A4F7556}") = "MbistHRYTC", "ARR_MBIST\MbistHRYTC\MbistHRYTC.csproj", "{4B7BEBC5-DBDC-4765-8593-0D648D4F24D6}"
EndProject
Project("{9A19103F-16F7-4668-BE54-9A1E7A4F7556}") = "MbistRasterRepairTC", "ARR_MBIST\MbistRasterRepairTC\MbistRasterRepairTC.csproj", "{8DF2A839-677F-4CA6-B7C6-D8B47C5B5965}"
EndProject
Project("{9A19103F-16F7-4668-BE54-9A1E7A4F7556}") = "MbistShared", "ARR_MBIST\MbistShared\MbistShared.csproj", "{763B3E04-E9A0-4335-A223-14744268C2F7}"
EndProject
Project("{9A19103F-16F7-4668-BE54-9A1E7A4F7556}") = "MbistVminTC", "ARR_MBIST\MbistVminTC\MbistVminTC.csproj", "{60522C78-E4BE-44A5-8102-C34A509B5E3A}"
EndProject
Project("{9A19103F-16F7-4668-BE54-9A1E7A4F7556}") = "LSARasterTC.UnitTest", "ARR_LSARaster\ARR_LSARaster.UnitTest\LSARasterTC.UnitTest.csproj", "{901D8C7B-B459-477E-85EC-DCEC381703AD}"
EndProject
Project("{9A19103F-16F7-4668-BE54-9A1E7A4F7556}") = "MbistHRY.UnitTest", "ARR_MBIST\MbistHRYTC.UnitTest\MbistHRY.UnitTest.csproj", "{20A6F190-0EB3-4BB8-920C-94C0F7E5F31F}"
EndProject
Project("{9A19103F-16F7-4668-BE54-9A1E7A4F7556}") = "MbistRasterRepairTC.UnitTest", "ARR_MBIST\MbistRasterRepairTC.UnitTest\MbistRasterRepairTC.UnitTest.csproj", "{6F71A870-1F23-4BC7-807A-0CD25C8A9264}"
EndProject
Project("{9A19103F-16F7-4668-BE54-9A1E7A4F7556}") = "MbistVminTC.UnitTest", "ARR_MBIST\MbistVminTC.UnitTest\MbistVminTC.UnitTest.csproj", "{E44DE838-8398-474C-A5F9-4A0CD59423F4}"
EndProject
Project("{9A19103F-16F7-4668-BE54-9A1E7A4F7556}") = "ScanSSNHry", "ScanSSNHry\ScanSSNHry\ScanSSNHry.csproj", "{F921470B-936A-44C0-8D3A-73DE42BB90A4}"
EndProject
Project("{9A19103F-16F7-4668-BE54-9A1E7A4F7556}") = "ScanSSNHry.UnitTest", "ScanSSNHry\ScanSSNHry.UnitTest\ScanSSNHry.UnitTest.csproj", "{32A13057-1038-4EB9-AF0F-7FB62505A99A}"
EndProject
Project("{9A19103F-16F7-4668-BE54-9A1E7A4F7556}") = "ArrayHRY", "ArrayHRY\ArrayHRY\ArrayHRY.csproj", "{8D39C90F-8AC9-4125-B24E-B97030D7490D}"
EndProject
Project("{9A19103F-16F7-4668-BE54-9A1E7A4F7556}") = "ArrayHRY.UnitTest", "ArrayHRY\ArrayHRY.UnitTest\ArrayHRY.UnitTest.csproj", "{E7C09EEA-2D10-4D0B-9745-F0573DD4E4BD}"
EndProject
Project("{9A19103F-16F7-4668-BE54-9A1E7A4F7556}") = "BisrRepairCheckTC.UnitTest", "ARR_MBIST\BisrRepairCheckTC.UnitTest\BisrRepairCheckTC.UnitTest.csproj", "{3BB0A9CC-5BB0-4D2E-B4FA-5E5D1391F17F}"
EndProject
Project("{9A19103F-16F7-4668-BE54-9A1E7A4F7556}") = "BisrRepairCheckTC", "ARR_MBIST\BisrRepairCheckTC\BisrRepairCheckTC.csproj", "{E3B06736-0D55-4DEF-B450-43C445FAD55F}"
EndProject
Global
	GlobalSection(SolutionConfigurationPlatforms) = preSolution
		Debug|Any CPU = Debug|Any CPU
		Release|Any CPU = Release|Any CPU
	EndGlobalSection
	GlobalSection(ProjectConfigurationPlatforms) = postSolution
		{F660BA16-DD5C-4938-8CFE-44C662062283}.Debug|Any CPU.ActiveCfg = Debug|Any CPU
		{F660BA16-DD5C-4938-8CFE-44C662062283}.Debug|Any CPU.Build.0 = Debug|Any CPU
		{F660BA16-DD5C-4938-8CFE-44C662062283}.Release|Any CPU.ActiveCfg = Release|Any CPU
		{F660BA16-DD5C-4938-8CFE-44C662062283}.Release|Any CPU.Build.0 = Release|Any CPU
		{4B7BEBC5-DBDC-4765-8593-0D648D4F24D6}.Debug|Any CPU.ActiveCfg = Debug|Any CPU
		{4B7BEBC5-DBDC-4765-8593-0D648D4F24D6}.Debug|Any CPU.Build.0 = Debug|Any CPU
		{4B7BEBC5-DBDC-4765-8593-0D648D4F24D6}.Release|Any CPU.ActiveCfg = Release|Any CPU
		{4B7BEBC5-DBDC-4765-8593-0D648D4F24D6}.Release|Any CPU.Build.0 = Release|Any CPU
		{8DF2A839-677F-4CA6-B7C6-D8B47C5B5965}.Debug|Any CPU.ActiveCfg = Debug|Any CPU
		{8DF2A839-677F-4CA6-B7C6-D8B47C5B5965}.Debug|Any CPU.Build.0 = Debug|Any CPU
		{8DF2A839-677F-4CA6-B7C6-D8B47C5B5965}.Release|Any CPU.ActiveCfg = Release|Any CPU
		{8DF2A839-677F-4CA6-B7C6-D8B47C5B5965}.Release|Any CPU.Build.0 = Release|Any CPU
		{763B3E04-E9A0-4335-A223-14744268C2F7}.Debug|Any CPU.ActiveCfg = Debug|Any CPU
		{763B3E04-E9A0-4335-A223-14744268C2F7}.Debug|Any CPU.Build.0 = Debug|Any CPU
		{763B3E04-E9A0-4335-A223-14744268C2F7}.Release|Any CPU.ActiveCfg = Release|Any CPU
		{763B3E04-E9A0-4335-A223-14744268C2F7}.Release|Any CPU.Build.0 = Release|Any CPU
		{60522C78-E4BE-44A5-8102-C34A509B5E3A}.Debug|Any CPU.ActiveCfg = Debug|Any CPU
		{60522C78-E4BE-44A5-8102-C34A509B5E3A}.Debug|Any CPU.Build.0 = Debug|Any CPU
		{60522C78-E4BE-44A5-8102-C34A509B5E3A}.Release|Any CPU.ActiveCfg = Release|Any CPU
		{60522C78-E4BE-44A5-8102-C34A509B5E3A}.Release|Any CPU.Build.0 = Release|Any CPU
		{901D8C7B-B459-477E-85EC-DCEC381703AD}.Debug|Any CPU.ActiveCfg = Debug|Any CPU
		{901D8C7B-B459-477E-85EC-DCEC381703AD}.Debug|Any CPU.Build.0 = Debug|Any CPU
		{901D8C7B-B459-477E-85EC-DCEC381703AD}.Release|Any CPU.ActiveCfg = Release|Any CPU
		{901D8C7B-B459-477E-85EC-DCEC381703AD}.Release|Any CPU.Build.0 = Release|Any CPU
		{20A6F190-0EB3-4BB8-920C-94C0F7E5F31F}.Debug|Any CPU.ActiveCfg = Debug|Any CPU
		{20A6F190-0EB3-4BB8-920C-94C0F7E5F31F}.Debug|Any CPU.Build.0 = Debug|Any CPU
		{20A6F190-0EB3-4BB8-920C-94C0F7E5F31F}.Release|Any CPU.ActiveCfg = Release|Any CPU
		{20A6F190-0EB3-4BB8-920C-94C0F7E5F31F}.Release|Any CPU.Build.0 = Release|Any CPU
		{6F71A870-1F23-4BC7-807A-0CD25C8A9264}.Debug|Any CPU.ActiveCfg = Debug|Any CPU
		{6F71A870-1F23-4BC7-807A-0CD25C8A9264}.Debug|Any CPU.Build.0 = Debug|Any CPU
		{6F71A870-1F23-4BC7-807A-0CD25C8A9264}.Release|Any CPU.ActiveCfg = Release|Any CPU
		{6F71A870-1F23-4BC7-807A-0CD25C8A9264}.Release|Any CPU.Build.0 = Release|Any CPU
		{E44DE838-8398-474C-A5F9-4A0CD59423F4}.Debug|Any CPU.ActiveCfg = Debug|Any CPU
		{E44DE838-8398-474C-A5F9-4A0CD59423F4}.Debug|Any CPU.Build.0 = Debug|Any CPU
		{E44DE838-8398-474C-A5F9-4A0CD59423F4}.Release|Any CPU.ActiveCfg = Release|Any CPU
		{E44DE838-8398-474C-A5F9-4A0CD59423F4}.Release|Any CPU.Build.0 = Release|Any CPU
		{F921470B-936A-44C0-8D3A-73DE42BB90A4}.Debug|Any CPU.ActiveCfg = Debug|Any CPU
		{F921470B-936A-44C0-8D3A-73DE42BB90A4}.Debug|Any CPU.Build.0 = Debug|Any CPU
		{F921470B-936A-44C0-8D3A-73DE42BB90A4}.Release|Any CPU.ActiveCfg = Release|Any CPU
		{F921470B-936A-44C0-8D3A-73DE42BB90A4}.Release|Any CPU.Build.0 = Release|Any CPU
		{32A13057-1038-4EB9-AF0F-7FB62505A99A}.Debug|Any CPU.ActiveCfg = Debug|Any CPU
		{32A13057-1038-4EB9-AF0F-7FB62505A99A}.Debug|Any CPU.Build.0 = Debug|Any CPU
		{32A13057-1038-4EB9-AF0F-7FB62505A99A}.Release|Any CPU.ActiveCfg = Release|Any CPU
		{32A13057-1038-4EB9-AF0F-7FB62505A99A}.Release|Any CPU.Build.0 = Release|Any CPU
		{8D39C90F-8AC9-4125-B24E-B97030D7490D}.Debug|Any CPU.ActiveCfg = Debug|Any CPU
		{8D39C90F-8AC9-4125-B24E-B97030D7490D}.Debug|Any CPU.Build.0 = Debug|Any CPU
		{8D39C90F-8AC9-4125-B24E-B97030D7490D}.Release|Any CPU.ActiveCfg = Release|Any CPU
		{8D39C90F-8AC9-4125-B24E-B97030D7490D}.Release|Any CPU.Build.0 = Release|Any CPU
		{E7C09EEA-2D10-4D0B-9745-F0573DD4E4BD}.Debug|Any CPU.ActiveCfg = Debug|Any CPU
		{E7C09EEA-2D10-4D0B-9745-F0573DD4E4BD}.Debug|Any CPU.Build.0 = Debug|Any CPU
		{E7C09EEA-2D10-4D0B-9745-F0573DD4E4BD}.Release|Any CPU.ActiveCfg = Release|Any CPU
		{E7C09EEA-2D10-4D0B-9745-F0573DD4E4BD}.Release|Any CPU.Build.0 = Release|Any CPU
		{3BB0A9CC-5BB0-4D2E-B4FA-5E5D1391F17F}.Debug|Any CPU.ActiveCfg = Debug|Any CPU
		{3BB0A9CC-5BB0-4D2E-B4FA-5E5D1391F17F}.Debug|Any CPU.Build.0 = Debug|Any CPU
		{3BB0A9CC-5BB0-4D2E-B4FA-5E5D1391F17F}.Release|Any CPU.ActiveCfg = Release|Any CPU
		{3BB0A9CC-5BB0-4D2E-B4FA-5E5D1391F17F}.Release|Any CPU.Build.0 = Release|Any CPU
		{E3B06736-0D55-4DEF-B450-43C445FAD55F}.Debug|Any CPU.ActiveCfg = Debug|Any CPU
		{E3B06736-0D55-4DEF-B450-43C445FAD55F}.Debug|Any CPU.Build.0 = Debug|Any CPU
		{E3B06736-0D55-4DEF-B450-43C445FAD55F}.Release|Any CPU.ActiveCfg = Release|Any CPU
		{E3B06736-0D55-4DEF-B450-43C445FAD55F}.Release|Any CPU.Build.0 = Release|Any CPU
	EndGlobalSection
	GlobalSection(SolutionProperties) = preSolution
		HideSolutionNode = FALSE
	EndGlobalSection
	GlobalSection(NestedProjects) = preSolution
		{F660BA16-DD5C-4938-8CFE-44C662062283} = {3C615A6E-D106-41FD-B5E6-89030A96AB82}
		{4B7BEBC5-DBDC-4765-8593-0D648D4F24D6} = {3C615A6E-D106-41FD-B5E6-89030A96AB82}
		{8DF2A839-677F-4CA6-B7C6-D8B47C5B5965} = {3C615A6E-D106-41FD-B5E6-89030A96AB82}
		{763B3E04-E9A0-4335-A223-14744268C2F7} = {3C615A6E-D106-41FD-B5E6-89030A96AB82}
		{60522C78-E4BE-44A5-8102-C34A509B5E3A} = {3C615A6E-D106-41FD-B5E6-89030A96AB82}
		{901D8C7B-B459-477E-85EC-DCEC381703AD} = {C9362FE3-6E51-4AA5-BAFA-D16171B8DF8F}
		{20A6F190-0EB3-4BB8-920C-94C0F7E5F31F} = {C9362FE3-6E51-4AA5-BAFA-D16171B8DF8F}
		{6F71A870-1F23-4BC7-807A-0CD25C8A9264} = {C9362FE3-6E51-4AA5-BAFA-D16171B8DF8F}
		{E44DE838-8398-474C-A5F9-4A0CD59423F4} = {C9362FE3-6E51-4AA5-BAFA-D16171B8DF8F}
		{F921470B-936A-44C0-8D3A-73DE42BB90A4} = {3C615A6E-D106-41FD-B5E6-89030A96AB82}
		{32A13057-1038-4EB9-AF0F-7FB62505A99A} = {C9362FE3-6E51-4AA5-BAFA-D16171B8DF8F}
		{8D39C90F-8AC9-4125-B24E-B97030D7490D} = {3C615A6E-D106-41FD-B5E6-89030A96AB82}
		{E7C09EEA-2D10-4D0B-9745-F0573DD4E4BD} = {C9362FE3-6E51-4AA5-BAFA-D16171B8DF8F}
		{3BB0A9CC-5BB0-4D2E-B4FA-5E5D1391F17F} = {C9362FE3-6E51-4AA5-BAFA-D16171B8DF8F}
		{E3B06736-0D55-4DEF-B450-43C445FAD55F} = {3C615A6E-D106-41FD-B5E6-89030A96AB82}
	EndGlobalSection
	GlobalSection(ExtensibilityGlobals) = postSolution
		SolutionGuid = {96D28F69-071E-4684-A10B-76274EFA0497}
	EndGlobalSection
EndGlobal
