
Microsoft Visual Studio Solution File, Format Version 12.00
# Visual Studio Version 16
VisualStudioVersion = 16.0.32106.194
MinimumVisualStudioVersion = 10.0.40219.1
Project("{9A19103F-16F7-4668-BE54-9A1E7A4F7556}") = "DieRecoveryBase", "DieRecovery\DieRecovery\DieRecoveryBase.csproj", "{82B6033B-9BE6-4B04-BC1B-DD391A7E57E2}"
EndProject
Project("{9A19103F-16F7-4668-BE54-9A1E7A4F7556}") = "DieRecoveryBase.UnitTest", "DieRecovery\DieRecovery.UnitTest\DieRecoveryBase.UnitTest.csproj", "{01719FC0-1691-4B27-BDC5-94AE0DB363E1}"
	ProjectSection(ProjectDependencies) = postProject
		{82B6033B-9BE6-4B04-BC1B-DD391A7E57E2} = {82B6033B-9BE6-4B04-BC1B-DD391A7E57E2}
	EndProjectSection
EndProject
Project("{9A19103F-16F7-4668-BE54-9A1E7A4F7556}") = "VminForwardingBase", "VminForwarding\VminForwarding\VminForwardingBase.csproj", "{2B316A87-0D75-4A88-9D6A-26F4FF8F5E66}"
EndProject
Project("{9A19103F-16F7-4668-BE54-9A1E7A4F7556}") = "VminForwardingBase.UnitTest", "VminForwarding\VminForwarding.UnitTest\VminForwardingBase.UnitTest.csproj", "{DAC8B63B-5560-4CA5-8408-A6D6EE3BE7E1}"
EndProject
Project("{9A19103F-16F7-4668-BE54-9A1E7A4F7556}") = "BaseUtilities", "BaseUtilities\BaseUtilities\BaseUtilities.csproj", "{80E14C47-0B68-4748-85B9-391385AAC1BC}"
EndProject
Project("{9A19103F-16F7-4668-BE54-9A1E7A4F7556}") = "BaseUtilities.UnitTest", "BaseUtilities\BaseUtilities.UnitTest\BaseUtilities.UnitTest.csproj", "{8F58411E-CB86-4F2B-BEE5-FE5CCFD1C5D7}"
	ProjectSection(ProjectDependencies) = postProject
		{80E14C47-0B68-4748-85B9-391385AAC1BC} = {80E14C47-0B68-4748-85B9-391385AAC1BC}
	EndProjectSection
EndProject
Project("{9A19103F-16F7-4668-BE54-9A1E7A4F7556}") = "PatternModificationsBase", "PatternModifications\PatternModifications\PatternModificationsBase.csproj", "{D2E73E14-F1D9-43E4-9BB0-0D4568FDC559}"
	ProjectSection(ProjectDependencies) = postProject
		{80E14C47-0B68-4748-85B9-391385AAC1BC} = {80E14C47-0B68-4748-85B9-391385AAC1BC}
	EndProjectSection
EndProject
Project("{9A19103F-16F7-4668-BE54-9A1E7A4F7556}") = "PatternModificationsBase.UnitTest", "PatternModifications\PatternModifications.UnitTest\PatternModificationsBase.UnitTest.csproj", "{5B72119D-9D38-409E-80D2-2B2E286E8BCF}"
EndProject
Project("{9A19103F-16F7-4668-BE54-9A1E7A4F7556}") = "MemDecode", "MemDecode\MemDecode\MemDecode.csproj", "{F8BF28C0-225E-4E84-AF4D-9DB0C5957F76}"
EndProject
Project("{9A19103F-16F7-4668-BE54-9A1E7A4F7556}") = "MemDecode.UnitTest", "MemDecode\MemDecode.UnitTest\MemDecode.UnitTest.csproj", "{15711275-201C-438F-BF94-B0151365B09F}"
EndProject
Project("{9A19103F-16F7-4668-BE54-9A1E7A4F7556}") = "VoltageConverterBase", "VoltageConverter\VoltageConverter\VoltageConverterBase.csproj", "{F6CA602F-A219-4BF8-9C10-89C80088AC72}"
EndProject
Project("{9A19103F-16F7-4668-BE54-9A1E7A4F7556}") = "VoltageConverterBase.UnitTest", "VoltageConverter\VoltageConverter.UnitTest\VoltageConverterBase.UnitTest.csproj", "{AA58809E-C44B-46E5-9194-98C763E62A22}"
EndProject
Project("{9A19103F-16F7-4668-BE54-9A1E7A4F7556}") = "PocRecoveryBase", "PocRecovery\PocRecovery\PocRecoveryBase.csproj", "{C0ED4891-AAD6-47EB-8D41-0CC550BC6822}"
EndProject
Project("{9A19103F-16F7-4668-BE54-9A1E7A4F7556}") = "PocRecoveryBase.UnitTest", "PocRecovery\PocRecovery.UnitTest\PocRecoveryBase.UnitTest.csproj", "{9D2378F5-AC17-469A-AC0B-7F8F3BFC2AB9}"
EndProject
Project("{9A19103F-16F7-4668-BE54-9A1E7A4F7556}") = "DTSBase", "DTS\DTS\DTSBase.csproj", "{4A9B5EDF-50DE-4DEF-BF5A-FA0AC5FCA8A7}"
EndProject
Project("{9A19103F-16F7-4668-BE54-9A1E7A4F7556}") = "DTSBase.UnitTest", "DTS\DTS.UnitTest\DTSBase.UnitTest.csproj", "{9435B82B-8817-4D63-A2A1-D4DE256C6E63}"
EndProject
Project("{2150E333-8FDC-42A3-9474-1A3956D46DE8}") = "Code", "Code", "{B7A819C0-1ED1-47F5-B756-BEDED689D337}"
EndProject
Project("{2150E333-8FDC-42A3-9474-1A3956D46DE8}") = "UnitTests", "UnitTests", "{3CA6B96A-E826-4D9C-BB68-BB040D5AA3E7}"
EndProject
Project("{2150E333-8FDC-42A3-9474-1A3956D46DE8}") = "Prime", "Prime", "{E3FE0A53-1930-497A-BBA0-9E521F180F21}"
EndProject
Project("{9A19103F-16F7-4668-BE54-9A1E7A4F7556}") = "PlistModificationsBase", "PlistModifications\PlistModifications\PlistModificationsBase.csproj", "{D5236CD1-2EE4-4F71-8CC8-027CB0CAA7A7}"
EndProject
Project("{9A19103F-16F7-4668-BE54-9A1E7A4F7556}") = "PlistModificationsBase.UnitTest", "PlistModifications\PlistModifications.UnitTest\PlistModificationsBase.UnitTest.csproj", "{4453FD43-274E-46F7-9763-A578C1E8AC3C}"
EndProject
Project("{9A19103F-16F7-4668-BE54-9A1E7A4F7556}") = "VminSearch", "VminSearch\src\VminSearch.csproj", "{1E6AA8CA-DB96-4CF9-8DEB-7283A2535E43}"
EndProject
Project("{9A19103F-16F7-4668-BE54-9A1E7A4F7556}") = "VminSearch.UnitTest", "VminSearch\UnitTest\VminSearch.UnitTest.csproj", "{0517C3A1-AAD2-4CFE-900F-B07FF4D63BDF}"
EndProject
Project("{9A19103F-16F7-4668-BE54-9A1E7A4F7556}") = "SampleRate", "SampleRate\src\SampleRate.csproj", "{EAB98F1F-462B-4276-A1B5-0576C11B90C3}"
EndProject
Project("{9A19103F-16F7-4668-BE54-9A1E7A4F7556}") = "SampleRate.UnitTest", "SampleRate\UnitTest\SampleRate.UnitTest.csproj", "{9B23F17A-755C-4B28-96FB-3AC46891BF3E}"
EndProject
Project("{9A19103F-16F7-4668-BE54-9A1E7A4F7556}") = "Shmoo", "Shmoo\Shmoo.csproj", "{CBF0B67C-B8A8-492C-979A-61B96AEE7592}"
EndProject
Project("{9A19103F-16F7-4668-BE54-9A1E7A4F7556}") = "PatConfig", "PatConfig\PatConfig.csproj", "{1FC20A13-4EC5-481E-8F24-8E332CAA30DD}"
EndProject
Global
	GlobalSection(SolutionConfigurationPlatforms) = preSolution
		Debug|Any CPU = Debug|Any CPU
		Release|Any CPU = Release|Any CPU
	EndGlobalSection
	GlobalSection(ProjectConfigurationPlatforms) = postSolution
		{82B6033B-9BE6-4B04-BC1B-DD391A7E57E2}.Debug|Any CPU.ActiveCfg = Debug|Any CPU
		{82B6033B-9BE6-4B04-BC1B-DD391A7E57E2}.Debug|Any CPU.Build.0 = Debug|Any CPU
		{82B6033B-9BE6-4B04-BC1B-DD391A7E57E2}.Release|Any CPU.ActiveCfg = Release|Any CPU
		{82B6033B-9BE6-4B04-BC1B-DD391A7E57E2}.Release|Any CPU.Build.0 = Release|Any CPU
		{01719FC0-1691-4B27-BDC5-94AE0DB363E1}.Debug|Any CPU.ActiveCfg = Debug|Any CPU
		{01719FC0-1691-4B27-BDC5-94AE0DB363E1}.Debug|Any CPU.Build.0 = Debug|Any CPU
		{01719FC0-1691-4B27-BDC5-94AE0DB363E1}.Release|Any CPU.ActiveCfg = Release|Any CPU
		{01719FC0-1691-4B27-BDC5-94AE0DB363E1}.Release|Any CPU.Build.0 = Release|Any CPU
		{2B316A87-0D75-4A88-9D6A-26F4FF8F5E66}.Debug|Any CPU.ActiveCfg = Debug|Any CPU
		{2B316A87-0D75-4A88-9D6A-26F4FF8F5E66}.Debug|Any CPU.Build.0 = Debug|Any CPU
		{2B316A87-0D75-4A88-9D6A-26F4FF8F5E66}.Release|Any CPU.ActiveCfg = Release|Any CPU
		{2B316A87-0D75-4A88-9D6A-26F4FF8F5E66}.Release|Any CPU.Build.0 = Release|Any CPU
		{DAC8B63B-5560-4CA5-8408-A6D6EE3BE7E1}.Debug|Any CPU.ActiveCfg = Debug|Any CPU
		{DAC8B63B-5560-4CA5-8408-A6D6EE3BE7E1}.Debug|Any CPU.Build.0 = Debug|Any CPU
		{DAC8B63B-5560-4CA5-8408-A6D6EE3BE7E1}.Release|Any CPU.ActiveCfg = Release|Any CPU
		{DAC8B63B-5560-4CA5-8408-A6D6EE3BE7E1}.Release|Any CPU.Build.0 = Release|Any CPU
		{80E14C47-0B68-4748-85B9-391385AAC1BC}.Debug|Any CPU.ActiveCfg = Debug|Any CPU
		{80E14C47-0B68-4748-85B9-391385AAC1BC}.Debug|Any CPU.Build.0 = Debug|Any CPU
		{80E14C47-0B68-4748-85B9-391385AAC1BC}.Release|Any CPU.ActiveCfg = Release|Any CPU
		{80E14C47-0B68-4748-85B9-391385AAC1BC}.Release|Any CPU.Build.0 = Release|Any CPU
		{8F58411E-CB86-4F2B-BEE5-FE5CCFD1C5D7}.Debug|Any CPU.ActiveCfg = Debug|Any CPU
		{8F58411E-CB86-4F2B-BEE5-FE5CCFD1C5D7}.Debug|Any CPU.Build.0 = Debug|Any CPU
		{8F58411E-CB86-4F2B-BEE5-FE5CCFD1C5D7}.Release|Any CPU.ActiveCfg = Release|Any CPU
		{8F58411E-CB86-4F2B-BEE5-FE5CCFD1C5D7}.Release|Any CPU.Build.0 = Release|Any CPU
		{D2E73E14-F1D9-43E4-9BB0-0D4568FDC559}.Debug|Any CPU.ActiveCfg = Debug|Any CPU
		{D2E73E14-F1D9-43E4-9BB0-0D4568FDC559}.Debug|Any CPU.Build.0 = Debug|Any CPU
		{D2E73E14-F1D9-43E4-9BB0-0D4568FDC559}.Release|Any CPU.ActiveCfg = Release|Any CPU
		{D2E73E14-F1D9-43E4-9BB0-0D4568FDC559}.Release|Any CPU.Build.0 = Release|Any CPU
		{5B72119D-9D38-409E-80D2-2B2E286E8BCF}.Debug|Any CPU.ActiveCfg = Debug|Any CPU
		{5B72119D-9D38-409E-80D2-2B2E286E8BCF}.Debug|Any CPU.Build.0 = Debug|Any CPU
		{5B72119D-9D38-409E-80D2-2B2E286E8BCF}.Release|Any CPU.ActiveCfg = Release|Any CPU
		{5B72119D-9D38-409E-80D2-2B2E286E8BCF}.Release|Any CPU.Build.0 = Release|Any CPU
		{F8BF28C0-225E-4E84-AF4D-9DB0C5957F76}.Debug|Any CPU.ActiveCfg = Debug|Any CPU
		{F8BF28C0-225E-4E84-AF4D-9DB0C5957F76}.Debug|Any CPU.Build.0 = Debug|Any CPU
		{F8BF28C0-225E-4E84-AF4D-9DB0C5957F76}.Release|Any CPU.ActiveCfg = Release|Any CPU
		{F8BF28C0-225E-4E84-AF4D-9DB0C5957F76}.Release|Any CPU.Build.0 = Release|Any CPU
		{15711275-201C-438F-BF94-B0151365B09F}.Debug|Any CPU.ActiveCfg = Debug|Any CPU
		{15711275-201C-438F-BF94-B0151365B09F}.Debug|Any CPU.Build.0 = Debug|Any CPU
		{15711275-201C-438F-BF94-B0151365B09F}.Release|Any CPU.ActiveCfg = Release|Any CPU
		{15711275-201C-438F-BF94-B0151365B09F}.Release|Any CPU.Build.0 = Release|Any CPU
		{F6CA602F-A219-4BF8-9C10-89C80088AC72}.Debug|Any CPU.ActiveCfg = Debug|Any CPU
		{F6CA602F-A219-4BF8-9C10-89C80088AC72}.Debug|Any CPU.Build.0 = Debug|Any CPU
		{F6CA602F-A219-4BF8-9C10-89C80088AC72}.Release|Any CPU.ActiveCfg = Release|Any CPU
		{F6CA602F-A219-4BF8-9C10-89C80088AC72}.Release|Any CPU.Build.0 = Release|Any CPU
		{AA58809E-C44B-46E5-9194-98C763E62A22}.Debug|Any CPU.ActiveCfg = Debug|Any CPU
		{AA58809E-C44B-46E5-9194-98C763E62A22}.Debug|Any CPU.Build.0 = Debug|Any CPU
		{AA58809E-C44B-46E5-9194-98C763E62A22}.Release|Any CPU.ActiveCfg = Release|Any CPU
		{AA58809E-C44B-46E5-9194-98C763E62A22}.Release|Any CPU.Build.0 = Release|Any CPU
		{C0ED4891-AAD6-47EB-8D41-0CC550BC6822}.Debug|Any CPU.ActiveCfg = Debug|Any CPU
		{C0ED4891-AAD6-47EB-8D41-0CC550BC6822}.Debug|Any CPU.Build.0 = Debug|Any CPU
		{C0ED4891-AAD6-47EB-8D41-0CC550BC6822}.Release|Any CPU.ActiveCfg = Release|Any CPU
		{C0ED4891-AAD6-47EB-8D41-0CC550BC6822}.Release|Any CPU.Build.0 = Release|Any CPU
		{9D2378F5-AC17-469A-AC0B-7F8F3BFC2AB9}.Debug|Any CPU.ActiveCfg = Debug|Any CPU
		{9D2378F5-AC17-469A-AC0B-7F8F3BFC2AB9}.Debug|Any CPU.Build.0 = Debug|Any CPU
		{9D2378F5-AC17-469A-AC0B-7F8F3BFC2AB9}.Release|Any CPU.ActiveCfg = Release|Any CPU
		{9D2378F5-AC17-469A-AC0B-7F8F3BFC2AB9}.Release|Any CPU.Build.0 = Release|Any CPU
		{4A9B5EDF-50DE-4DEF-BF5A-FA0AC5FCA8A7}.Debug|Any CPU.ActiveCfg = Debug|Any CPU
		{4A9B5EDF-50DE-4DEF-BF5A-FA0AC5FCA8A7}.Debug|Any CPU.Build.0 = Debug|Any CPU
		{4A9B5EDF-50DE-4DEF-BF5A-FA0AC5FCA8A7}.Release|Any CPU.ActiveCfg = Release|Any CPU
		{4A9B5EDF-50DE-4DEF-BF5A-FA0AC5FCA8A7}.Release|Any CPU.Build.0 = Release|Any CPU
		{9435B82B-8817-4D63-A2A1-D4DE256C6E63}.Debug|Any CPU.ActiveCfg = Debug|Any CPU
		{9435B82B-8817-4D63-A2A1-D4DE256C6E63}.Debug|Any CPU.Build.0 = Debug|Any CPU
		{9435B82B-8817-4D63-A2A1-D4DE256C6E63}.Release|Any CPU.ActiveCfg = Release|Any CPU
		{9435B82B-8817-4D63-A2A1-D4DE256C6E63}.Release|Any CPU.Build.0 = Release|Any CPU
		{D5236CD1-2EE4-4F71-8CC8-027CB0CAA7A7}.Debug|Any CPU.ActiveCfg = Debug|Any CPU
		{D5236CD1-2EE4-4F71-8CC8-027CB0CAA7A7}.Debug|Any CPU.Build.0 = Debug|Any CPU
		{D5236CD1-2EE4-4F71-8CC8-027CB0CAA7A7}.Release|Any CPU.ActiveCfg = Release|Any CPU
		{D5236CD1-2EE4-4F71-8CC8-027CB0CAA7A7}.Release|Any CPU.Build.0 = Release|Any CPU
		{4453FD43-274E-46F7-9763-A578C1E8AC3C}.Debug|Any CPU.ActiveCfg = Debug|Any CPU
		{4453FD43-274E-46F7-9763-A578C1E8AC3C}.Debug|Any CPU.Build.0 = Debug|Any CPU
		{4453FD43-274E-46F7-9763-A578C1E8AC3C}.Release|Any CPU.ActiveCfg = Release|Any CPU
		{4453FD43-274E-46F7-9763-A578C1E8AC3C}.Release|Any CPU.Build.0 = Release|Any CPU
		{1E6AA8CA-DB96-4CF9-8DEB-7283A2535E43}.Debug|Any CPU.ActiveCfg = Debug|Any CPU
		{1E6AA8CA-DB96-4CF9-8DEB-7283A2535E43}.Debug|Any CPU.Build.0 = Debug|Any CPU
		{1E6AA8CA-DB96-4CF9-8DEB-7283A2535E43}.Release|Any CPU.ActiveCfg = Release|Any CPU
		{1E6AA8CA-DB96-4CF9-8DEB-7283A2535E43}.Release|Any CPU.Build.0 = Release|Any CPU
		{0517C3A1-AAD2-4CFE-900F-B07FF4D63BDF}.Debug|Any CPU.ActiveCfg = Debug|Any CPU
		{0517C3A1-AAD2-4CFE-900F-B07FF4D63BDF}.Debug|Any CPU.Build.0 = Debug|Any CPU
		{0517C3A1-AAD2-4CFE-900F-B07FF4D63BDF}.Release|Any CPU.ActiveCfg = Release|Any CPU
		{0517C3A1-AAD2-4CFE-900F-B07FF4D63BDF}.Release|Any CPU.Build.0 = Release|Any CPU
		{EAB98F1F-462B-4276-A1B5-0576C11B90C3}.Debug|Any CPU.ActiveCfg = Debug|Any CPU
		{EAB98F1F-462B-4276-A1B5-0576C11B90C3}.Debug|Any CPU.Build.0 = Debug|Any CPU
		{EAB98F1F-462B-4276-A1B5-0576C11B90C3}.Release|Any CPU.ActiveCfg = Release|Any CPU
		{EAB98F1F-462B-4276-A1B5-0576C11B90C3}.Release|Any CPU.Build.0 = Release|Any CPU
		{9B23F17A-755C-4B28-96FB-3AC46891BF3E}.Debug|Any CPU.ActiveCfg = Debug|Any CPU
		{9B23F17A-755C-4B28-96FB-3AC46891BF3E}.Debug|Any CPU.Build.0 = Debug|Any CPU
		{9B23F17A-755C-4B28-96FB-3AC46891BF3E}.Release|Any CPU.ActiveCfg = Release|Any CPU
		{9B23F17A-755C-4B28-96FB-3AC46891BF3E}.Release|Any CPU.Build.0 = Release|Any CPU
		{CBF0B67C-B8A8-492C-979A-61B96AEE7592}.Debug|Any CPU.ActiveCfg = Debug|Any CPU
		{CBF0B67C-B8A8-492C-979A-61B96AEE7592}.Debug|Any CPU.Build.0 = Debug|Any CPU
		{CBF0B67C-B8A8-492C-979A-61B96AEE7592}.Release|Any CPU.ActiveCfg = Release|Any CPU
		{CBF0B67C-B8A8-492C-979A-61B96AEE7592}.Release|Any CPU.Build.0 = Release|Any CPU
		{1FC20A13-4EC5-481E-8F24-8E332CAA30DD}.Debug|Any CPU.ActiveCfg = Debug|Any CPU
		{1FC20A13-4EC5-481E-8F24-8E332CAA30DD}.Debug|Any CPU.Build.0 = Debug|Any CPU
		{1FC20A13-4EC5-481E-8F24-8E332CAA30DD}.Release|Any CPU.ActiveCfg = Release|Any CPU
		{1FC20A13-4EC5-481E-8F24-8E332CAA30DD}.Release|Any CPU.Build.0 = Release|Any CPU
	EndGlobalSection
	GlobalSection(SolutionProperties) = preSolution
		HideSolutionNode = FALSE
	EndGlobalSection
	GlobalSection(NestedProjects) = preSolution
		{82B6033B-9BE6-4B04-BC1B-DD391A7E57E2} = {B7A819C0-1ED1-47F5-B756-BEDED689D337}
		{01719FC0-1691-4B27-BDC5-94AE0DB363E1} = {3CA6B96A-E826-4D9C-BB68-BB040D5AA3E7}
		{2B316A87-0D75-4A88-9D6A-26F4FF8F5E66} = {B7A819C0-1ED1-47F5-B756-BEDED689D337}
		{DAC8B63B-5560-4CA5-8408-A6D6EE3BE7E1} = {3CA6B96A-E826-4D9C-BB68-BB040D5AA3E7}
		{80E14C47-0B68-4748-85B9-391385AAC1BC} = {B7A819C0-1ED1-47F5-B756-BEDED689D337}
		{8F58411E-CB86-4F2B-BEE5-FE5CCFD1C5D7} = {3CA6B96A-E826-4D9C-BB68-BB040D5AA3E7}
		{D2E73E14-F1D9-43E4-9BB0-0D4568FDC559} = {B7A819C0-1ED1-47F5-B756-BEDED689D337}
		{5B72119D-9D38-409E-80D2-2B2E286E8BCF} = {3CA6B96A-E826-4D9C-BB68-BB040D5AA3E7}
		{F8BF28C0-225E-4E84-AF4D-9DB0C5957F76} = {B7A819C0-1ED1-47F5-B756-BEDED689D337}
		{15711275-201C-438F-BF94-B0151365B09F} = {3CA6B96A-E826-4D9C-BB68-BB040D5AA3E7}
		{F6CA602F-A219-4BF8-9C10-89C80088AC72} = {B7A819C0-1ED1-47F5-B756-BEDED689D337}
		{AA58809E-C44B-46E5-9194-98C763E62A22} = {3CA6B96A-E826-4D9C-BB68-BB040D5AA3E7}
		{C0ED4891-AAD6-47EB-8D41-0CC550BC6822} = {B7A819C0-1ED1-47F5-B756-BEDED689D337}
		{9D2378F5-AC17-469A-AC0B-7F8F3BFC2AB9} = {3CA6B96A-E826-4D9C-BB68-BB040D5AA3E7}
		{4A9B5EDF-50DE-4DEF-BF5A-FA0AC5FCA8A7} = {B7A819C0-1ED1-47F5-B756-BEDED689D337}
		{9435B82B-8817-4D63-A2A1-D4DE256C6E63} = {3CA6B96A-E826-4D9C-BB68-BB040D5AA3E7}
		{D5236CD1-2EE4-4F71-8CC8-027CB0CAA7A7} = {B7A819C0-1ED1-47F5-B756-BEDED689D337}
		{4453FD43-274E-46F7-9763-A578C1E8AC3C} = {3CA6B96A-E826-4D9C-BB68-BB040D5AA3E7}
		{1E6AA8CA-DB96-4CF9-8DEB-7283A2535E43} = {E3FE0A53-1930-497A-BBA0-9E521F180F21}
		{0517C3A1-AAD2-4CFE-900F-B07FF4D63BDF} = {E3FE0A53-1930-497A-BBA0-9E521F180F21}
		{EAB98F1F-462B-4276-A1B5-0576C11B90C3} = {E3FE0A53-1930-497A-BBA0-9E521F180F21}
		{9B23F17A-755C-4B28-96FB-3AC46891BF3E} = {E3FE0A53-1930-497A-BBA0-9E521F180F21}
		{CBF0B67C-B8A8-492C-979A-61B96AEE7592} = {E3FE0A53-1930-497A-BBA0-9E521F180F21}
		{1FC20A13-4EC5-481E-8F24-8E332CAA30DD} = {E3FE0A53-1930-497A-BBA0-9E521F180F21}
	EndGlobalSection
	GlobalSection(ExtensibilityGlobals) = postSolution
		SolutionGuid = {52C6EC55-AD39-4453-9640-A3E174ABF4F5}
	EndGlobalSection
EndGlobal
